// !$*UTF8*$!
{
	archiveVersion = 1;
	classes = {
	};
	objectVersion = 50;
	objects = {

/* Begin PBXBuildFile section */
		123B549F218C17FC00646CEB /* Second.storyboard in Resources */ = {isa = PBXBuildFile; fileRef = 123B549E218C17FC00646CEB /* Second.storyboard */; };
		123B54A1218C1E7200646CEB /* First.storyboard in Resources */ = {isa = PBXBuildFile; fileRef = 123B54A0218C1E7200646CEB /* First.storyboard */; };
		123B54A3218C1EA500646CEB /* Third.storyboard in Resources */ = {isa = PBXBuildFile; fileRef = 123B54A2218C1EA500646CEB /* Third.storyboard */; };
		123B54A5218C36FA00646CEB /* GoogleService-Info.plist in Resources */ = {isa = PBXBuildFile; fileRef = 123B54A4218C36FA00646CEB /* GoogleService-Info.plist */; };
		12A6E647218D0BE2003ED258 /* userGroup.swift in Sources */ = {isa = PBXBuildFile; fileRef = 12A6E646218D0BE2003ED258 /* userGroup.swift */; };
		12A6E64B218D7442003ED258 /* Fourth.storyboard in Resources */ = {isa = PBXBuildFile; fileRef = 12A6E64A218D7442003ED258 /* Fourth.storyboard */; };
		12A6E64D218D7480003ED258 /* Fifth.storyboard in Resources */ = {isa = PBXBuildFile; fileRef = 12A6E64C218D7480003ED258 /* Fifth.storyboard */; };
		6BEB4CE86D25B9F25E19AB27 /* Pods_SteadyFitTests.framework in Frameworks */ = {isa = PBXBuildFile; fileRef = 345E59685D91B020FFE70273 /* Pods_SteadyFitTests.framework */; };
		874B8185AEFA6EA89DC330A7 /* Pods_SteadyFitUITests.framework in Frameworks */ = {isa = PBXBuildFile; fileRef = B965C2595CF769777BB4CC17 /* Pods_SteadyFitUITests.framework */; };
		B5727A65217FEDED00AF9005 /* AppDelegate.swift in Sources */ = {isa = PBXBuildFile; fileRef = B5727A64217FEDED00AF9005 /* AppDelegate.swift */; };
		B5727A67217FEDED00AF9005 /* FirstViewController.swift in Sources */ = {isa = PBXBuildFile; fileRef = B5727A66217FEDED00AF9005 /* FirstViewController.swift */; };
		B5727A69217FEDED00AF9005 /* SecondViewController.swift in Sources */ = {isa = PBXBuildFile; fileRef = B5727A68217FEDED00AF9005 /* SecondViewController.swift */; };
		B5727A6C217FEDED00AF9005 /* Main.storyboard in Resources */ = {isa = PBXBuildFile; fileRef = B5727A6A217FEDED00AF9005 /* Main.storyboard */; };
		B5727A71217FEDEE00AF9005 /* LaunchScreen.storyboard in Resources */ = {isa = PBXBuildFile; fileRef = B5727A6F217FEDEE00AF9005 /* LaunchScreen.storyboard */; };
		B5727A7C217FEDEE00AF9005 /* SteadyFitTests.swift in Sources */ = {isa = PBXBuildFile; fileRef = B5727A7B217FEDEE00AF9005 /* SteadyFitTests.swift */; };
		B5727A87217FEDEE00AF9005 /* SteadyFitUITests.swift in Sources */ = {isa = PBXBuildFile; fileRef = B5727A86217FEDEE00AF9005 /* SteadyFitUITests.swift */; };
		B5727A9B217FF71600AF9005 /* ThirdViewController.swift in Sources */ = {isa = PBXBuildFile; fileRef = B5727A9A217FF71600AF9005 /* ThirdViewController.swift */; };
		B57302AD2186D0A300CD06D3 /* Assets.xcassets in Resources */ = {isa = PBXBuildFile; fileRef = B57302AC2186D0A300CD06D3 /* Assets.xcassets */; };
		B57302AF2188181700CD06D3 /* EmergencyViewController.swift in Sources */ = {isa = PBXBuildFile; fileRef = B57302AE2188181700CD06D3 /* EmergencyViewController.swift */; };
		D4B0F1F62188D29E0060EA22 /* GroupViewController.swift in Sources */ = {isa = PBXBuildFile; fileRef = D4B0F1F52188D29E0060EA22 /* GroupViewController.swift */; };
		D4D411F9218900930091D45F /* GroupCell.swift in Sources */ = {isa = PBXBuildFile; fileRef = D4D411F7218900930091D45F /* GroupCell.swift */; };
		D4D411FA218900930091D45F /* GroupCell.xib in Resources */ = {isa = PBXBuildFile; fileRef = D4D411F8218900930091D45F /* GroupCell.xib */; };
		F8C3D1F1CFDE408C81CE4DA4 /* Pods_SteadyFit.framework in Frameworks */ = {isa = PBXBuildFile; fileRef = 524F9EF2FBCDEC79B4A3191F /* Pods_SteadyFit.framework */; };
/* End PBXBuildFile section */

/* Begin PBXContainerItemProxy section */
		B5727A78217FEDEE00AF9005 /* PBXContainerItemProxy */ = {
			isa = PBXContainerItemProxy;
			containerPortal = B5727A59217FEDED00AF9005 /* Project object */;
			proxyType = 1;
			remoteGlobalIDString = B5727A60217FEDED00AF9005;
			remoteInfo = SteadyFit;
		};
		B5727A83217FEDEE00AF9005 /* PBXContainerItemProxy */ = {
			isa = PBXContainerItemProxy;
			containerPortal = B5727A59217FEDED00AF9005 /* Project object */;
			proxyType = 1;
			remoteGlobalIDString = B5727A60217FEDED00AF9005;
			remoteInfo = SteadyFit;
		};
/* End PBXContainerItemProxy section */

/* Begin PBXFileReference section */
		123B549E218C17FC00646CEB /* Second.storyboard */ = {isa = PBXFileReference; lastKnownFileType = file.storyboard; path = Second.storyboard; sourceTree = "<group>"; };
		123B54A0218C1E7200646CEB /* First.storyboard */ = {isa = PBXFileReference; lastKnownFileType = file.storyboard; path = First.storyboard; sourceTree = "<group>"; };
		123B54A2218C1EA500646CEB /* Third.storyboard */ = {isa = PBXFileReference; lastKnownFileType = file.storyboard; path = Third.storyboard; sourceTree = "<group>"; };
		123B54A4218C36FA00646CEB /* GoogleService-Info.plist */ = {isa = PBXFileReference; fileEncoding = 4; lastKnownFileType = text.plist.xml; path = "GoogleService-Info.plist"; sourceTree = "<group>"; };
		12A6E646218D0BE2003ED258 /* userGroup.swift */ = {isa = PBXFileReference; lastKnownFileType = sourcecode.swift; path = userGroup.swift; sourceTree = "<group>"; };
		12A6E64A218D7442003ED258 /* Fourth.storyboard */ = {isa = PBXFileReference; lastKnownFileType = file.storyboard; path = Fourth.storyboard; sourceTree = "<group>"; };
		12A6E64C218D7480003ED258 /* Fifth.storyboard */ = {isa = PBXFileReference; lastKnownFileType = file.storyboard; path = Fifth.storyboard; sourceTree = "<group>"; };
		345E59685D91B020FFE70273 /* Pods_SteadyFitTests.framework */ = {isa = PBXFileReference; explicitFileType = wrapper.framework; includeInIndex = 0; path = Pods_SteadyFitTests.framework; sourceTree = BUILT_PRODUCTS_DIR; };
		524F9EF2FBCDEC79B4A3191F /* Pods_SteadyFit.framework */ = {isa = PBXFileReference; explicitFileType = wrapper.framework; includeInIndex = 0; path = Pods_SteadyFit.framework; sourceTree = BUILT_PRODUCTS_DIR; };
		87E321E553C0E12A38F689D4 /* Pods-SteadyFit.debug.xcconfig */ = {isa = PBXFileReference; includeInIndex = 1; lastKnownFileType = text.xcconfig; name = "Pods-SteadyFit.debug.xcconfig"; path = "Pods/Target Support Files/Pods-SteadyFit/Pods-SteadyFit.debug.xcconfig"; sourceTree = "<group>"; };
		99421C9E7AC24DBBF3447B92 /* Pods-SteadyFitUITests.release.xcconfig */ = {isa = PBXFileReference; includeInIndex = 1; lastKnownFileType = text.xcconfig; name = "Pods-SteadyFitUITests.release.xcconfig"; path = "Pods/Target Support Files/Pods-SteadyFitUITests/Pods-SteadyFitUITests.release.xcconfig"; sourceTree = "<group>"; };
		9DCB980D16CCE1AAF00B2201 /* Pods-SteadyFit.release.xcconfig */ = {isa = PBXFileReference; includeInIndex = 1; lastKnownFileType = text.xcconfig; name = "Pods-SteadyFit.release.xcconfig"; path = "Pods/Target Support Files/Pods-SteadyFit/Pods-SteadyFit.release.xcconfig"; sourceTree = "<group>"; };
		B47CA2799C0522C138F83B37 /* Pods-SteadyFitTests.debug.xcconfig */ = {isa = PBXFileReference; includeInIndex = 1; lastKnownFileType = text.xcconfig; name = "Pods-SteadyFitTests.debug.xcconfig"; path = "Pods/Target Support Files/Pods-SteadyFitTests/Pods-SteadyFitTests.debug.xcconfig"; sourceTree = "<group>"; };
		B5727A61217FEDED00AF9005 /* SteadyFit.app */ = {isa = PBXFileReference; explicitFileType = wrapper.application; includeInIndex = 0; path = SteadyFit.app; sourceTree = BUILT_PRODUCTS_DIR; };
		B5727A64217FEDED00AF9005 /* AppDelegate.swift */ = {isa = PBXFileReference; lastKnownFileType = sourcecode.swift; path = AppDelegate.swift; sourceTree = "<group>"; };
		B5727A66217FEDED00AF9005 /* FirstViewController.swift */ = {isa = PBXFileReference; lastKnownFileType = sourcecode.swift; path = FirstViewController.swift; sourceTree = "<group>"; };
		B5727A68217FEDED00AF9005 /* SecondViewController.swift */ = {isa = PBXFileReference; lastKnownFileType = sourcecode.swift; path = SecondViewController.swift; sourceTree = "<group>"; };
		B5727A6B217FEDED00AF9005 /* Base */ = {isa = PBXFileReference; lastKnownFileType = file.storyboard; name = Base; path = Base.lproj/Main.storyboard; sourceTree = "<group>"; };
		B5727A70217FEDEE00AF9005 /* Base */ = {isa = PBXFileReference; lastKnownFileType = file.storyboard; name = Base; path = Base.lproj/LaunchScreen.storyboard; sourceTree = "<group>"; };
		B5727A72217FEDEE00AF9005 /* Info.plist */ = {isa = PBXFileReference; lastKnownFileType = text.plist.xml; path = Info.plist; sourceTree = "<group>"; };
		B5727A77217FEDEE00AF9005 /* SteadyFitTests.xctest */ = {isa = PBXFileReference; explicitFileType = wrapper.cfbundle; includeInIndex = 0; path = SteadyFitTests.xctest; sourceTree = BUILT_PRODUCTS_DIR; };
		B5727A7B217FEDEE00AF9005 /* SteadyFitTests.swift */ = {isa = PBXFileReference; lastKnownFileType = sourcecode.swift; path = SteadyFitTests.swift; sourceTree = "<group>"; };
		B5727A7D217FEDEE00AF9005 /* Info.plist */ = {isa = PBXFileReference; lastKnownFileType = text.plist.xml; path = Info.plist; sourceTree = "<group>"; };
		B5727A82217FEDEE00AF9005 /* SteadyFitUITests.xctest */ = {isa = PBXFileReference; explicitFileType = wrapper.cfbundle; includeInIndex = 0; path = SteadyFitUITests.xctest; sourceTree = BUILT_PRODUCTS_DIR; };
		B5727A86217FEDEE00AF9005 /* SteadyFitUITests.swift */ = {isa = PBXFileReference; lastKnownFileType = sourcecode.swift; path = SteadyFitUITests.swift; sourceTree = "<group>"; };
		B5727A88217FEDEE00AF9005 /* Info.plist */ = {isa = PBXFileReference; lastKnownFileType = text.plist.xml; path = Info.plist; sourceTree = "<group>"; };
		B5727A9A217FF71600AF9005 /* ThirdViewController.swift */ = {isa = PBXFileReference; lastKnownFileType = sourcecode.swift; path = ThirdViewController.swift; sourceTree = "<group>"; };
		B57302AC2186D0A300CD06D3 /* Assets.xcassets */ = {isa = PBXFileReference; lastKnownFileType = folder.assetcatalog; path = Assets.xcassets; sourceTree = "<group>"; };
		B57302AE2188181700CD06D3 /* EmergencyViewController.swift */ = {isa = PBXFileReference; lastKnownFileType = sourcecode.swift; path = EmergencyViewController.swift; sourceTree = "<group>"; };
		B965C2595CF769777BB4CC17 /* Pods_SteadyFitUITests.framework */ = {isa = PBXFileReference; explicitFileType = wrapper.framework; includeInIndex = 0; path = Pods_SteadyFitUITests.framework; sourceTree = BUILT_PRODUCTS_DIR; };
		BEC196ED42956309F7A7CACE /* Pods-SteadyFitUITests.debug.xcconfig */ = {isa = PBXFileReference; includeInIndex = 1; lastKnownFileType = text.xcconfig; name = "Pods-SteadyFitUITests.debug.xcconfig"; path = "Pods/Target Support Files/Pods-SteadyFitUITests/Pods-SteadyFitUITests.debug.xcconfig"; sourceTree = "<group>"; };
		C9E952BF25F86290D84D1FDC /* Pods-SteadyFitTests.release.xcconfig */ = {isa = PBXFileReference; includeInIndex = 1; lastKnownFileType = text.xcconfig; name = "Pods-SteadyFitTests.release.xcconfig"; path = "Pods/Target Support Files/Pods-SteadyFitTests/Pods-SteadyFitTests.release.xcconfig"; sourceTree = "<group>"; };
		D4B0F1F52188D29E0060EA22 /* GroupViewController.swift */ = {isa = PBXFileReference; fileEncoding = 4; lastKnownFileType = sourcecode.swift; path = GroupViewController.swift; sourceTree = "<group>"; };
		D4D411F7218900930091D45F /* GroupCell.swift */ = {isa = PBXFileReference; lastKnownFileType = sourcecode.swift; path = GroupCell.swift; sourceTree = "<group>"; };
		D4D411F8218900930091D45F /* GroupCell.xib */ = {isa = PBXFileReference; lastKnownFileType = file.xib; path = GroupCell.xib; sourceTree = "<group>"; };
/* End PBXFileReference section */

/* Begin PBXFrameworksBuildPhase section */
		B5727A5E217FEDED00AF9005 /* Frameworks */ = {
			isa = PBXFrameworksBuildPhase;
			buildActionMask = 2147483647;
			files = (
				F8C3D1F1CFDE408C81CE4DA4 /* Pods_SteadyFit.framework in Frameworks */,
			);
			runOnlyForDeploymentPostprocessing = 0;
		};
		B5727A74217FEDEE00AF9005 /* Frameworks */ = {
			isa = PBXFrameworksBuildPhase;
			buildActionMask = 2147483647;
			files = (
				6BEB4CE86D25B9F25E19AB27 /* Pods_SteadyFitTests.framework in Frameworks */,
			);
			runOnlyForDeploymentPostprocessing = 0;
		};
		B5727A7F217FEDEE00AF9005 /* Frameworks */ = {
			isa = PBXFrameworksBuildPhase;
			buildActionMask = 2147483647;
			files = (
				874B8185AEFA6EA89DC330A7 /* Pods_SteadyFitUITests.framework in Frameworks */,
			);
			runOnlyForDeploymentPostprocessing = 0;
		};
/* End PBXFrameworksBuildPhase section */

/* Begin PBXGroup section */
		12A6E645218D0B3B003ED258 /* Model */ = {
			isa = PBXGroup;
			children = (
				12A6E646218D0BE2003ED258 /* userGroup.swift */,
			);
			path = Model;
			sourceTree = "<group>";
		};
		474D018BBC3B08EDD12F44EE /* Frameworks */ = {
			isa = PBXGroup;
			children = (
				524F9EF2FBCDEC79B4A3191F /* Pods_SteadyFit.framework */,
				345E59685D91B020FFE70273 /* Pods_SteadyFitTests.framework */,
				B965C2595CF769777BB4CC17 /* Pods_SteadyFitUITests.framework */,
			);
			name = Frameworks;
			sourceTree = "<group>";
		};
		5CFADD59FCA25E7E1C569B59 /* Pods */ = {
			isa = PBXGroup;
			children = (
				87E321E553C0E12A38F689D4 /* Pods-SteadyFit.debug.xcconfig */,
				9DCB980D16CCE1AAF00B2201 /* Pods-SteadyFit.release.xcconfig */,
				B47CA2799C0522C138F83B37 /* Pods-SteadyFitTests.debug.xcconfig */,
				C9E952BF25F86290D84D1FDC /* Pods-SteadyFitTests.release.xcconfig */,
				BEC196ED42956309F7A7CACE /* Pods-SteadyFitUITests.debug.xcconfig */,
				99421C9E7AC24DBBF3447B92 /* Pods-SteadyFitUITests.release.xcconfig */,
			);
			name = Pods;
			sourceTree = "<group>";
		};
		B5727A58217FEDED00AF9005 = {
			isa = PBXGroup;
			children = (
				B5727A63217FEDED00AF9005 /* SteadyFit */,
				B5727A7A217FEDEE00AF9005 /* SteadyFitTests */,
				B5727A62217FEDED00AF9005 /* Products */,
				B5727A85217FEDEE00AF9005 /* SteadyFitUITests */,
				5CFADD59FCA25E7E1C569B59 /* Pods */,
				474D018BBC3B08EDD12F44EE /* Frameworks */,
			);
			sourceTree = "<group>";
		};
		B5727A62217FEDED00AF9005 /* Products */ = {
			isa = PBXGroup;
			children = (
				B5727A61217FEDED00AF9005 /* SteadyFit.app */,
				B5727A77217FEDEE00AF9005 /* SteadyFitTests.xctest */,
				B5727A82217FEDEE00AF9005 /* SteadyFitUITests.xctest */,
			);
			name = Products;
			sourceTree = "<group>";
		};
		B5727A63217FEDED00AF9005 /* SteadyFit */ = {
			isa = PBXGroup;
			children = (
				12A6E645218D0B3B003ED258 /* Model */,
				D4D411F6218900700091D45F /* groupCell */,
				B5727A64217FEDED00AF9005 /* AppDelegate.swift */,
				B5727A66217FEDED00AF9005 /* FirstViewController.swift */,
				B5727A68217FEDED00AF9005 /* SecondViewController.swift */,
				D4B0F1F52188D29E0060EA22 /* GroupViewController.swift */,
				B5727A9A217FF71600AF9005 /* ThirdViewController.swift */,
				B57302AE2188181700CD06D3 /* EmergencyViewController.swift */,
				B57302AC2186D0A300CD06D3 /* Assets.xcassets */,
				B5727A72217FEDEE00AF9005 /* Info.plist */,
				123B54A4218C36FA00646CEB /* GoogleService-Info.plist */,
				B5727A6F217FEDEE00AF9005 /* LaunchScreen.storyboard */,
				B5727A6A217FEDED00AF9005 /* Main.storyboard */,
				123B54A0218C1E7200646CEB /* First.storyboard */,
				123B549E218C17FC00646CEB /* Second.storyboard */,
				123B54A2218C1EA500646CEB /* Third.storyboard */,
				12A6E64A218D7442003ED258 /* Fourth.storyboard */,
				12A6E64C218D7480003ED258 /* Fifth.storyboard */,
			);
			path = SteadyFit;
			sourceTree = "<group>";
		};
		B5727A7A217FEDEE00AF9005 /* SteadyFitTests */ = {
			isa = PBXGroup;
			children = (
				B5727A7B217FEDEE00AF9005 /* SteadyFitTests.swift */,
				B5727A7D217FEDEE00AF9005 /* Info.plist */,
			);
			path = SteadyFitTests;
			sourceTree = "<group>";
		};
		B5727A85217FEDEE00AF9005 /* SteadyFitUITests */ = {
			isa = PBXGroup;
			children = (
				B5727A86217FEDEE00AF9005 /* SteadyFitUITests.swift */,
				B5727A88217FEDEE00AF9005 /* Info.plist */,
			);
			path = SteadyFitUITests;
			sourceTree = "<group>";
		};
		D4D411F6218900700091D45F /* groupCell */ = {
			isa = PBXGroup;
			children = (
				D4D411F7218900930091D45F /* GroupCell.swift */,
				D4D411F8218900930091D45F /* GroupCell.xib */,
			);
			path = groupCell;
			sourceTree = "<group>";
		};
/* End PBXGroup section */

/* Begin PBXNativeTarget section */
		B5727A60217FEDED00AF9005 /* SteadyFit */ = {
			isa = PBXNativeTarget;
			buildConfigurationList = B5727A8B217FEDEE00AF9005 /* Build configuration list for PBXNativeTarget "SteadyFit" */;
			buildPhases = (
				2F929AC0B87776204BD23A03 /* [CP] Check Pods Manifest.lock */,
				B5727A5D217FEDED00AF9005 /* Sources */,
				B5727A5E217FEDED00AF9005 /* Frameworks */,
				B5727A5F217FEDED00AF9005 /* Resources */,
				77C39C199C878C3DC39C6182 /* [CP] Embed Pods Frameworks */,
			);
			buildRules = (
			);
			dependencies = (
			);
			name = SteadyFit;
			productName = SteadyFit;
			productReference = B5727A61217FEDED00AF9005 /* SteadyFit.app */;
			productType = "com.apple.product-type.application";
		};
		B5727A76217FEDEE00AF9005 /* SteadyFitTests */ = {
			isa = PBXNativeTarget;
			buildConfigurationList = B5727A8E217FEDEE00AF9005 /* Build configuration list for PBXNativeTarget "SteadyFitTests" */;
			buildPhases = (
				0BBB4DD8E3A6EA3EC25444C9 /* [CP] Check Pods Manifest.lock */,
				B5727A73217FEDEE00AF9005 /* Sources */,
				B5727A74217FEDEE00AF9005 /* Frameworks */,
				B5727A75217FEDEE00AF9005 /* Resources */,
			);
			buildRules = (
			);
			dependencies = (
				B5727A79217FEDEE00AF9005 /* PBXTargetDependency */,
			);
			name = SteadyFitTests;
			productName = SteadyFitTests;
			productReference = B5727A77217FEDEE00AF9005 /* SteadyFitTests.xctest */;
			productType = "com.apple.product-type.bundle.unit-test";
		};
		B5727A81217FEDEE00AF9005 /* SteadyFitUITests */ = {
			isa = PBXNativeTarget;
			buildConfigurationList = B5727A91217FEDEE00AF9005 /* Build configuration list for PBXNativeTarget "SteadyFitUITests" */;
			buildPhases = (
				60D7833AB86750219291EE77 /* [CP] Check Pods Manifest.lock */,
				B5727A7E217FEDEE00AF9005 /* Sources */,
				B5727A7F217FEDEE00AF9005 /* Frameworks */,
				B5727A80217FEDEE00AF9005 /* Resources */,
			);
			buildRules = (
			);
			dependencies = (
				B5727A84217FEDEE00AF9005 /* PBXTargetDependency */,
			);
			name = SteadyFitUITests;
			productName = SteadyFitUITests;
			productReference = B5727A82217FEDEE00AF9005 /* SteadyFitUITests.xctest */;
			productType = "com.apple.product-type.bundle.ui-testing";
		};
/* End PBXNativeTarget section */

/* Begin PBXProject section */
		B5727A59217FEDED00AF9005 /* Project object */ = {
			isa = PBXProject;
			attributes = {
				LastSwiftUpdateCheck = 1000;
				LastUpgradeCheck = 1000;
				ORGANIZATIONNAME = "Raheem Mian";
				TargetAttributes = {
					B5727A60217FEDED00AF9005 = {
						CreatedOnToolsVersion = 10.0;
					};
					B5727A76217FEDEE00AF9005 = {
						CreatedOnToolsVersion = 10.0;
						TestTargetID = B5727A60217FEDED00AF9005;
					};
					B5727A81217FEDEE00AF9005 = {
						CreatedOnToolsVersion = 10.0;
						TestTargetID = B5727A60217FEDED00AF9005;
					};
				};
			};
			buildConfigurationList = B5727A5C217FEDED00AF9005 /* Build configuration list for PBXProject "SteadyFit" */;
			compatibilityVersion = "Xcode 9.3";
			developmentRegion = en;
			hasScannedForEncodings = 0;
			knownRegions = (
				en,
				Base,
			);
			mainGroup = B5727A58217FEDED00AF9005;
			productRefGroup = B5727A62217FEDED00AF9005 /* Products */;
			projectDirPath = "";
			projectRoot = "";
			targets = (
				B5727A60217FEDED00AF9005 /* SteadyFit */,
				B5727A76217FEDEE00AF9005 /* SteadyFitTests */,
				B5727A81217FEDEE00AF9005 /* SteadyFitUITests */,
			);
		};
/* End PBXProject section */

/* Begin PBXResourcesBuildPhase section */
		B5727A5F217FEDED00AF9005 /* Resources */ = {
			isa = PBXResourcesBuildPhase;
			buildActionMask = 2147483647;
			files = (
				B5727A71217FEDEE00AF9005 /* LaunchScreen.storyboard in Resources */,
				123B54A5218C36FA00646CEB /* GoogleService-Info.plist in Resources */,
				B57302AD2186D0A300CD06D3 /* Assets.xcassets in Resources */,
				B5727A6C217FEDED00AF9005 /* Main.storyboard in Resources */,
				123B54A3218C1EA500646CEB /* Third.storyboard in Resources */,
				D4D411FA218900930091D45F /* GroupCell.xib in Resources */,
				12A6E64D218D7480003ED258 /* Fifth.storyboard in Resources */,
				123B549F218C17FC00646CEB /* Second.storyboard in Resources */,
				12A6E64B218D7442003ED258 /* Fourth.storyboard in Resources */,
				123B54A1218C1E7200646CEB /* First.storyboard in Resources */,
			);
			runOnlyForDeploymentPostprocessing = 0;
		};
		B5727A75217FEDEE00AF9005 /* Resources */ = {
			isa = PBXResourcesBuildPhase;
			buildActionMask = 2147483647;
			files = (
			);
			runOnlyForDeploymentPostprocessing = 0;
		};
		B5727A80217FEDEE00AF9005 /* Resources */ = {
			isa = PBXResourcesBuildPhase;
			buildActionMask = 2147483647;
			files = (
			);
			runOnlyForDeploymentPostprocessing = 0;
		};
/* End PBXResourcesBuildPhase section */

/* Begin PBXShellScriptBuildPhase section */
		0BBB4DD8E3A6EA3EC25444C9 /* [CP] Check Pods Manifest.lock */ = {
			isa = PBXShellScriptBuildPhase;
			buildActionMask = 2147483647;
			files = (
			);
			inputFileListPaths = (
			);
			inputPaths = (
				"${PODS_PODFILE_DIR_PATH}/Podfile.lock",
				"${PODS_ROOT}/Manifest.lock",
			);
			name = "[CP] Check Pods Manifest.lock";
			outputFileListPaths = (
			);
			outputPaths = (
				"$(DERIVED_FILE_DIR)/Pods-SteadyFitTests-checkManifestLockResult.txt",
			);
			runOnlyForDeploymentPostprocessing = 0;
			shellPath = /bin/sh;
			shellScript = "diff \"${PODS_PODFILE_DIR_PATH}/Podfile.lock\" \"${PODS_ROOT}/Manifest.lock\" > /dev/null\nif [ $? != 0 ] ; then\n    # print error to STDERR\n    echo \"error: The sandbox is not in sync with the Podfile.lock. Run 'pod install' or update your CocoaPods installation.\" >&2\n    exit 1\nfi\n# This output is used by Xcode 'outputs' to avoid re-running this script phase.\necho \"SUCCESS\" > \"${SCRIPT_OUTPUT_FILE_0}\"\n";
			showEnvVarsInLog = 0;
		};
		2F929AC0B87776204BD23A03 /* [CP] Check Pods Manifest.lock */ = {
			isa = PBXShellScriptBuildPhase;
			buildActionMask = 2147483647;
			files = (
			);
			inputFileListPaths = (
			);
			inputPaths = (
				"${PODS_PODFILE_DIR_PATH}/Podfile.lock",
				"${PODS_ROOT}/Manifest.lock",
			);
			name = "[CP] Check Pods Manifest.lock";
			outputFileListPaths = (
			);
			outputPaths = (
				"$(DERIVED_FILE_DIR)/Pods-SteadyFit-checkManifestLockResult.txt",
			);
			runOnlyForDeploymentPostprocessing = 0;
			shellPath = /bin/sh;
			shellScript = "diff \"${PODS_PODFILE_DIR_PATH}/Podfile.lock\" \"${PODS_ROOT}/Manifest.lock\" > /dev/null\nif [ $? != 0 ] ; then\n    # print error to STDERR\n    echo \"error: The sandbox is not in sync with the Podfile.lock. Run 'pod install' or update your CocoaPods installation.\" >&2\n    exit 1\nfi\n# This output is used by Xcode 'outputs' to avoid re-running this script phase.\necho \"SUCCESS\" > \"${SCRIPT_OUTPUT_FILE_0}\"\n";
			showEnvVarsInLog = 0;
		};
		60D7833AB86750219291EE77 /* [CP] Check Pods Manifest.lock */ = {
			isa = PBXShellScriptBuildPhase;
			buildActionMask = 2147483647;
			files = (
			);
			inputFileListPaths = (
			);
			inputPaths = (
				"${PODS_PODFILE_DIR_PATH}/Podfile.lock",
				"${PODS_ROOT}/Manifest.lock",
			);
			name = "[CP] Check Pods Manifest.lock";
			outputFileListPaths = (
			);
			outputPaths = (
				"$(DERIVED_FILE_DIR)/Pods-SteadyFitUITests-checkManifestLockResult.txt",
			);
			runOnlyForDeploymentPostprocessing = 0;
			shellPath = /bin/sh;
			shellScript = "diff \"${PODS_PODFILE_DIR_PATH}/Podfile.lock\" \"${PODS_ROOT}/Manifest.lock\" > /dev/null\nif [ $? != 0 ] ; then\n    # print error to STDERR\n    echo \"error: The sandbox is not in sync with the Podfile.lock. Run 'pod install' or update your CocoaPods installation.\" >&2\n    exit 1\nfi\n# This output is used by Xcode 'outputs' to avoid re-running this script phase.\necho \"SUCCESS\" > \"${SCRIPT_OUTPUT_FILE_0}\"\n";
			showEnvVarsInLog = 0;
		};
		77C39C199C878C3DC39C6182 /* [CP] Embed Pods Frameworks */ = {
			isa = PBXShellScriptBuildPhase;
			buildActionMask = 2147483647;
			files = (
			);
			inputFileListPaths = (
			);
			inputPaths = (
				"${SRCROOT}/Pods/Target Support Files/Pods-SteadyFit/Pods-SteadyFit-frameworks.sh",
				"${BUILT_PRODUCTS_DIR}/GoogleUtilities/GoogleUtilities.framework",
				"${BUILT_PRODUCTS_DIR}/Protobuf/Protobuf.framework",
				"${BUILT_PRODUCTS_DIR}/leveldb-library/leveldb.framework",
				"${BUILT_PRODUCTS_DIR}/nanopb/nanopb.framework",
			);
			name = "[CP] Embed Pods Frameworks";
			outputFileListPaths = (
			);
			outputPaths = (
				"${TARGET_BUILD_DIR}/${FRAMEWORKS_FOLDER_PATH}/GoogleUtilities.framework",
				"${TARGET_BUILD_DIR}/${FRAMEWORKS_FOLDER_PATH}/Protobuf.framework",
				"${TARGET_BUILD_DIR}/${FRAMEWORKS_FOLDER_PATH}/leveldb.framework",
				"${TARGET_BUILD_DIR}/${FRAMEWORKS_FOLDER_PATH}/nanopb.framework",
			);
			runOnlyForDeploymentPostprocessing = 0;
			shellPath = /bin/sh;
			shellScript = "\"${SRCROOT}/Pods/Target Support Files/Pods-SteadyFit/Pods-SteadyFit-frameworks.sh\"\n";
			showEnvVarsInLog = 0;
		};
/* End PBXShellScriptBuildPhase section */

/* Begin PBXSourcesBuildPhase section */
		B5727A5D217FEDED00AF9005 /* Sources */ = {
			isa = PBXSourcesBuildPhase;
			buildActionMask = 2147483647;
			files = (
				D4D411F9218900930091D45F /* GroupCell.swift in Sources */,
				D4B0F1F62188D29E0060EA22 /* GroupViewController.swift in Sources */,
				B5727A69217FEDED00AF9005 /* SecondViewController.swift in Sources */,
				12A6E647218D0BE2003ED258 /* userGroup.swift in Sources */,
				B5727A65217FEDED00AF9005 /* AppDelegate.swift in Sources */,
				B5727A9B217FF71600AF9005 /* ThirdViewController.swift in Sources */,
				B5727A67217FEDED00AF9005 /* FirstViewController.swift in Sources */,
				B57302AF2188181700CD06D3 /* EmergencyViewController.swift in Sources */,
			);
			runOnlyForDeploymentPostprocessing = 0;
		};
		B5727A73217FEDEE00AF9005 /* Sources */ = {
			isa = PBXSourcesBuildPhase;
			buildActionMask = 2147483647;
			files = (
				B5727A7C217FEDEE00AF9005 /* SteadyFitTests.swift in Sources */,
			);
			runOnlyForDeploymentPostprocessing = 0;
		};
		B5727A7E217FEDEE00AF9005 /* Sources */ = {
			isa = PBXSourcesBuildPhase;
			buildActionMask = 2147483647;
			files = (
				B5727A87217FEDEE00AF9005 /* SteadyFitUITests.swift in Sources */,
			);
			runOnlyForDeploymentPostprocessing = 0;
		};
/* End PBXSourcesBuildPhase section */

/* Begin PBXTargetDependency section */
		B5727A79217FEDEE00AF9005 /* PBXTargetDependency */ = {
			isa = PBXTargetDependency;
			target = B5727A60217FEDED00AF9005 /* SteadyFit */;
			targetProxy = B5727A78217FEDEE00AF9005 /* PBXContainerItemProxy */;
		};
		B5727A84217FEDEE00AF9005 /* PBXTargetDependency */ = {
			isa = PBXTargetDependency;
			target = B5727A60217FEDED00AF9005 /* SteadyFit */;
			targetProxy = B5727A83217FEDEE00AF9005 /* PBXContainerItemProxy */;
		};
/* End PBXTargetDependency section */

/* Begin PBXVariantGroup section */
		B5727A6A217FEDED00AF9005 /* Main.storyboard */ = {
			isa = PBXVariantGroup;
			children = (
				B5727A6B217FEDED00AF9005 /* Base */,
			);
			name = Main.storyboard;
			sourceTree = "<group>";
		};
		B5727A6F217FEDEE00AF9005 /* LaunchScreen.storyboard */ = {
			isa = PBXVariantGroup;
			children = (
				B5727A70217FEDEE00AF9005 /* Base */,
			);
			name = LaunchScreen.storyboard;
			sourceTree = "<group>";
		};
/* End PBXVariantGroup section */

/* Begin XCBuildConfiguration section */
		B5727A89217FEDEE00AF9005 /* Debug */ = {
			isa = XCBuildConfiguration;
			buildSettings = {
				ALWAYS_SEARCH_USER_PATHS = NO;
				CLANG_ANALYZER_NONNULL = YES;
				CLANG_ANALYZER_NUMBER_OBJECT_CONVERSION = YES_AGGRESSIVE;
				CLANG_CXX_LANGUAGE_STANDARD = "gnu++14";
				CLANG_CXX_LIBRARY = "libc++";
				CLANG_ENABLE_MODULES = YES;
				CLANG_ENABLE_OBJC_ARC = YES;
				CLANG_ENABLE_OBJC_WEAK = YES;
				CLANG_WARN_BLOCK_CAPTURE_AUTORELEASING = YES;
				CLANG_WARN_BOOL_CONVERSION = YES;
				CLANG_WARN_COMMA = YES;
				CLANG_WARN_CONSTANT_CONVERSION = YES;
				CLANG_WARN_DEPRECATED_OBJC_IMPLEMENTATIONS = YES;
				CLANG_WARN_DIRECT_OBJC_ISA_USAGE = YES_ERROR;
				CLANG_WARN_DOCUMENTATION_COMMENTS = YES;
				CLANG_WARN_EMPTY_BODY = YES;
				CLANG_WARN_ENUM_CONVERSION = YES;
				CLANG_WARN_INFINITE_RECURSION = YES;
				CLANG_WARN_INT_CONVERSION = YES;
				CLANG_WARN_NON_LITERAL_NULL_CONVERSION = YES;
				CLANG_WARN_OBJC_IMPLICIT_RETAIN_SELF = YES;
				CLANG_WARN_OBJC_LITERAL_CONVERSION = YES;
				CLANG_WARN_OBJC_ROOT_CLASS = YES_ERROR;
				CLANG_WARN_RANGE_LOOP_ANALYSIS = YES;
				CLANG_WARN_STRICT_PROTOTYPES = YES;
				CLANG_WARN_SUSPICIOUS_MOVE = YES;
				CLANG_WARN_UNGUARDED_AVAILABILITY = YES_AGGRESSIVE;
				CLANG_WARN_UNREACHABLE_CODE = YES;
				CLANG_WARN__DUPLICATE_METHOD_MATCH = YES;
				CODE_SIGN_IDENTITY = "iPhone Developer";
				COPY_PHASE_STRIP = NO;
				DEBUG_INFORMATION_FORMAT = dwarf;
				ENABLE_STRICT_OBJC_MSGSEND = YES;
				ENABLE_TESTABILITY = YES;
				GCC_C_LANGUAGE_STANDARD = gnu11;
				GCC_DYNAMIC_NO_PIC = NO;
				GCC_NO_COMMON_BLOCKS = YES;
				GCC_OPTIMIZATION_LEVEL = 0;
				GCC_PREPROCESSOR_DEFINITIONS = (
					"DEBUG=1",
					"$(inherited)",
				);
				GCC_WARN_64_TO_32_BIT_CONVERSION = YES;
				GCC_WARN_ABOUT_RETURN_TYPE = YES_ERROR;
				GCC_WARN_UNDECLARED_SELECTOR = YES;
				GCC_WARN_UNINITIALIZED_AUTOS = YES_AGGRESSIVE;
				GCC_WARN_UNUSED_FUNCTION = YES;
				GCC_WARN_UNUSED_VARIABLE = YES;
				IPHONEOS_DEPLOYMENT_TARGET = 12.0;
				MTL_ENABLE_DEBUG_INFO = INCLUDE_SOURCE;
				MTL_FAST_MATH = YES;
				ONLY_ACTIVE_ARCH = YES;
				SDKROOT = iphoneos;
				SWIFT_ACTIVE_COMPILATION_CONDITIONS = DEBUG;
				SWIFT_OPTIMIZATION_LEVEL = "-Onone";
			};
			name = Debug;
		};
		B5727A8A217FEDEE00AF9005 /* Release */ = {
			isa = XCBuildConfiguration;
			buildSettings = {
				ALWAYS_SEARCH_USER_PATHS = NO;
				CLANG_ANALYZER_NONNULL = YES;
				CLANG_ANALYZER_NUMBER_OBJECT_CONVERSION = YES_AGGRESSIVE;
				CLANG_CXX_LANGUAGE_STANDARD = "gnu++14";
				CLANG_CXX_LIBRARY = "libc++";
				CLANG_ENABLE_MODULES = YES;
				CLANG_ENABLE_OBJC_ARC = YES;
				CLANG_ENABLE_OBJC_WEAK = YES;
				CLANG_WARN_BLOCK_CAPTURE_AUTORELEASING = YES;
				CLANG_WARN_BOOL_CONVERSION = YES;
				CLANG_WARN_COMMA = YES;
				CLANG_WARN_CONSTANT_CONVERSION = YES;
				CLANG_WARN_DEPRECATED_OBJC_IMPLEMENTATIONS = YES;
				CLANG_WARN_DIRECT_OBJC_ISA_USAGE = YES_ERROR;
				CLANG_WARN_DOCUMENTATION_COMMENTS = YES;
				CLANG_WARN_EMPTY_BODY = YES;
				CLANG_WARN_ENUM_CONVERSION = YES;
				CLANG_WARN_INFINITE_RECURSION = YES;
				CLANG_WARN_INT_CONVERSION = YES;
				CLANG_WARN_NON_LITERAL_NULL_CONVERSION = YES;
				CLANG_WARN_OBJC_IMPLICIT_RETAIN_SELF = YES;
				CLANG_WARN_OBJC_LITERAL_CONVERSION = YES;
				CLANG_WARN_OBJC_ROOT_CLASS = YES_ERROR;
				CLANG_WARN_RANGE_LOOP_ANALYSIS = YES;
				CLANG_WARN_STRICT_PROTOTYPES = YES;
				CLANG_WARN_SUSPICIOUS_MOVE = YES;
				CLANG_WARN_UNGUARDED_AVAILABILITY = YES_AGGRESSIVE;
				CLANG_WARN_UNREACHABLE_CODE = YES;
				CLANG_WARN__DUPLICATE_METHOD_MATCH = YES;
				CODE_SIGN_IDENTITY = "iPhone Developer";
				COPY_PHASE_STRIP = NO;
				DEBUG_INFORMATION_FORMAT = "dwarf-with-dsym";
				ENABLE_NS_ASSERTIONS = NO;
				ENABLE_STRICT_OBJC_MSGSEND = YES;
				GCC_C_LANGUAGE_STANDARD = gnu11;
				GCC_NO_COMMON_BLOCKS = YES;
				GCC_WARN_64_TO_32_BIT_CONVERSION = YES;
				GCC_WARN_ABOUT_RETURN_TYPE = YES_ERROR;
				GCC_WARN_UNDECLARED_SELECTOR = YES;
				GCC_WARN_UNINITIALIZED_AUTOS = YES_AGGRESSIVE;
				GCC_WARN_UNUSED_FUNCTION = YES;
				GCC_WARN_UNUSED_VARIABLE = YES;
				IPHONEOS_DEPLOYMENT_TARGET = 12.0;
				MTL_ENABLE_DEBUG_INFO = NO;
				MTL_FAST_MATH = YES;
				SDKROOT = iphoneos;
				SWIFT_COMPILATION_MODE = wholemodule;
				SWIFT_OPTIMIZATION_LEVEL = "-O";
				VALIDATE_PRODUCT = YES;
			};
			name = Release;
		};
		B5727A8C217FEDEE00AF9005 /* Debug */ = {
			isa = XCBuildConfiguration;
			baseConfigurationReference = 87E321E553C0E12A38F689D4 /* Pods-SteadyFit.debug.xcconfig */;
			buildSettings = {
				ASSETCATALOG_COMPILER_APPICON_NAME = AppIcon;
				CODE_SIGN_STYLE = Automatic;
				DEVELOPMENT_TEAM = 84YU56BXWK;
				INFOPLIST_FILE = SteadyFit/Info.plist;
				LD_RUNPATH_SEARCH_PATHS = (
					"$(inherited)",
					"@executable_path/Frameworks",
				);
				PRODUCT_BUNDLE_IDENTIFIER = com.SteadyFit;
				PRODUCT_NAME = "$(TARGET_NAME)";
				SWIFT_VERSION = 4.2;
				TARGETED_DEVICE_FAMILY = "1,2";
			};
			name = Debug;
		};
		B5727A8D217FEDEE00AF9005 /* Release */ = {
			isa = XCBuildConfiguration;
			baseConfigurationReference = 9DCB980D16CCE1AAF00B2201 /* Pods-SteadyFit.release.xcconfig */;
			buildSettings = {
				ASSETCATALOG_COMPILER_APPICON_NAME = AppIcon;
				CODE_SIGN_STYLE = Automatic;
				DEVELOPMENT_TEAM = 84YU56BXWK;
				INFOPLIST_FILE = SteadyFit/Info.plist;
				LD_RUNPATH_SEARCH_PATHS = (
					"$(inherited)",
					"@executable_path/Frameworks",
				);
				PRODUCT_BUNDLE_IDENTIFIER = com.SteadyFit;
				PRODUCT_NAME = "$(TARGET_NAME)";
				SWIFT_VERSION = 4.2;
				TARGETED_DEVICE_FAMILY = "1,2";
			};
			name = Release;
		};
		B5727A8F217FEDEE00AF9005 /* Debug */ = {
			isa = XCBuildConfiguration;
			baseConfigurationReference = B47CA2799C0522C138F83B37 /* Pods-SteadyFitTests.debug.xcconfig */;
			buildSettings = {
				ALWAYS_EMBED_SWIFT_STANDARD_LIBRARIES = YES;
				BUNDLE_LOADER = "$(TEST_HOST)";
				CODE_SIGN_STYLE = Automatic;
				INFOPLIST_FILE = SteadyFitTests/Info.plist;
				LD_RUNPATH_SEARCH_PATHS = (
					"$(inherited)",
					"@executable_path/Frameworks",
					"@loader_path/Frameworks",
				);
				PRODUCT_BUNDLE_IDENTIFIER = com.SteadyFitTests;
				PRODUCT_NAME = "$(TARGET_NAME)";
				SWIFT_VERSION = 4.2;
				TARGETED_DEVICE_FAMILY = "1,2";
				TEST_HOST = "$(BUILT_PRODUCTS_DIR)/SteadyFit.app/SteadyFit";
			};
			name = Debug;
		};
		B5727A90217FEDEE00AF9005 /* Release */ = {
			isa = XCBuildConfiguration;
			baseConfigurationReference = C9E952BF25F86290D84D1FDC /* Pods-SteadyFitTests.release.xcconfig */;
			buildSettings = {
				ALWAYS_EMBED_SWIFT_STANDARD_LIBRARIES = YES;
				BUNDLE_LOADER = "$(TEST_HOST)";
				CODE_SIGN_STYLE = Automatic;
				INFOPLIST_FILE = SteadyFitTests/Info.plist;
				LD_RUNPATH_SEARCH_PATHS = (
					"$(inherited)",
					"@executable_path/Frameworks",
					"@loader_path/Frameworks",
				);
				PRODUCT_BUNDLE_IDENTIFIER = com.SteadyFitTests;
				PRODUCT_NAME = "$(TARGET_NAME)";
				SWIFT_VERSION = 4.2;
				TARGETED_DEVICE_FAMILY = "1,2";
				TEST_HOST = "$(BUILT_PRODUCTS_DIR)/SteadyFit.app/SteadyFit";
			};
			name = Release;
		};
		B5727A92217FEDEE00AF9005 /* Debug */ = {
			isa = XCBuildConfiguration;
			baseConfigurationReference = BEC196ED42956309F7A7CACE /* Pods-SteadyFitUITests.debug.xcconfig */;
			buildSettings = {
				ALWAYS_EMBED_SWIFT_STANDARD_LIBRARIES = YES;
				CODE_SIGN_STYLE = Automatic;
				INFOPLIST_FILE = SteadyFitUITests/Info.plist;
				LD_RUNPATH_SEARCH_PATHS = (
					"$(inherited)",
					"@executable_path/Frameworks",
					"@loader_path/Frameworks",
				);
				PRODUCT_BUNDLE_IDENTIFIER = com.SteadyFitUITests;
				PRODUCT_NAME = "$(TARGET_NAME)";
				SWIFT_VERSION = 4.2;
				TARGETED_DEVICE_FAMILY = "1,2";
				TEST_TARGET_NAME = SteadyFit;
			};
			name = Debug;
		};
		B5727A93217FEDEE00AF9005 /* Release */ = {
			isa = XCBuildConfiguration;
			baseConfigurationReference = 99421C9E7AC24DBBF3447B92 /* Pods-SteadyFitUITests.release.xcconfig */;
			buildSettings = {
				ALWAYS_EMBED_SWIFT_STANDARD_LIBRARIES = YES;
				CODE_SIGN_STYLE = Automatic;
				INFOPLIST_FILE = SteadyFitUITests/Info.plist;
				LD_RUNPATH_SEARCH_PATHS = (
					"$(inherited)",
					"@executable_path/Frameworks",
					"@loader_path/Frameworks",
				);
				PRODUCT_BUNDLE_IDENTIFIER = com.SteadyFitUITests;
				PRODUCT_NAME = "$(TARGET_NAME)";
				SWIFT_VERSION = 4.2;
				TARGETED_DEVICE_FAMILY = "1,2";
				TEST_TARGET_NAME = SteadyFit;
			};
			name = Release;
		};
/* End XCBuildConfiguration section */

/* Begin XCConfigurationList section */
		B5727A5C217FEDED00AF9005 /* Build configuration list for PBXProject "SteadyFit" */ = {
			isa = XCConfigurationList;
			buildConfigurations = (
				B5727A89217FEDEE00AF9005 /* Debug */,
				B5727A8A217FEDEE00AF9005 /* Release */,
			);
			defaultConfigurationIsVisible = 0;
			defaultConfigurationName = Release;
		};
		B5727A8B217FEDEE00AF9005 /* Build configuration list for PBXNativeTarget "SteadyFit" */ = {
			isa = XCConfigurationList;
			buildConfigurations = (
				B5727A8C217FEDEE00AF9005 /* Debug */,
				B5727A8D217FEDEE00AF9005 /* Release */,
			);
			defaultConfigurationIsVisible = 0;
			defaultConfigurationName = Release;
		};
		B5727A8E217FEDEE00AF9005 /* Build configuration list for PBXNativeTarget "SteadyFitTests" */ = {
			isa = XCConfigurationList;
			buildConfigurations = (
				B5727A8F217FEDEE00AF9005 /* Debug */,
				B5727A90217FEDEE00AF9005 /* Release */,
			);
			defaultConfigurationIsVisible = 0;
			defaultConfigurationName = Release;
		};
		B5727A91217FEDEE00AF9005 /* Build configuration list for PBXNativeTarget "SteadyFitUITests" */ = {
			isa = XCConfigurationList;
			buildConfigurations = (
				B5727A92217FEDEE00AF9005 /* Debug */,
				B5727A93217FEDEE00AF9005 /* Release */,
			);
			defaultConfigurationIsVisible = 0;
			defaultConfigurationName = Release;
		};
/* End XCConfigurationList section */
	};
	rootObject = B5727A59217FEDED00AF9005 /* Project object */;
}
