// !$*UTF8*$!
{
	archiveVersion = 1;
	classes = {
	};
	objectVersion = 50;
	objects = {

/* Begin PBXBuildFile section */
		123B549F218C17FC00646CEB /* Groups.storyboard in Resources */ = {isa = PBXBuildFile; fileRef = 123B549E218C17FC00646CEB /* Groups.storyboard */; };
		123B54A1218C1E7200646CEB /* Home.storyboard in Resources */ = {isa = PBXBuildFile; fileRef = 123B54A0218C1E7200646CEB /* Home.storyboard */; };
		123B54A3218C1EA500646CEB /* Friends.storyboard in Resources */ = {isa = PBXBuildFile; fileRef = 123B54A2218C1EA500646CEB /* Friends.storyboard */; };
		125AAD4D218D9A1800CC5FCD /* LoginViewController.swift in Sources */ = {isa = PBXBuildFile; fileRef = 125AAD4C218D9A1800CC5FCD /* LoginViewController.swift */; };
		12A6E647218D0BE2003ED258 /* UserGroup.swift in Sources */ = {isa = PBXBuildFile; fileRef = 12A6E646218D0BE2003ED258 /* UserGroup.swift */; };
		12A6E64B218D7442003ED258 /* Chats.storyboard in Resources */ = {isa = PBXBuildFile; fileRef = 12A6E64A218D7442003ED258 /* Chats.storyboard */; };
		12A6E64D218D7480003ED258 /* Settings.storyboard in Resources */ = {isa = PBXBuildFile; fileRef = 12A6E64C218D7480003ED258 /* Settings.storyboard */; };
		12D1D5062195874B0051633F /* EventPage.storyboard in Resources */ = {isa = PBXBuildFile; fileRef = 12D1D5052195874B0051633F /* EventPage.storyboard */; };
		12D1D508219589410051633F /* Profile.storyboard in Resources */ = {isa = PBXBuildFile; fileRef = 12D1D507219589410051633F /* Profile.storyboard */; };
		12D1D50A21960B120051633F /* GoogleService-Info.plist in Resources */ = {isa = PBXBuildFile; fileRef = 12D1D50921960B120051633F /* GoogleService-Info.plist */; };
		60E6AD2421A0EE9800429419 /* GroupEvents.swift in Sources */ = {isa = PBXBuildFile; fileRef = 60E6AD2321A0EE9800429419 /* GroupEvents.swift */; };
		60E6AD2621A0EEC100429419 /* GroupUser.swift in Sources */ = {isa = PBXBuildFile; fileRef = 60E6AD2521A0EEC100429419 /* GroupUser.swift */; };
		60E6AD2821A0F13F00429419 /* BarEntry.swift in Sources */ = {isa = PBXBuildFile; fileRef = 60E6AD2721A0F13F00429419 /* BarEntry.swift */; };
		60E6AD2A21A0F15B00429419 /* BarChartActivityTracker.swift in Sources */ = {isa = PBXBuildFile; fileRef = 60E6AD2921A0F15B00429419 /* BarChartActivityTracker.swift */; };
		80CDBC54219641E600642D46 /* AddActivityEventViewController.swift in Sources */ = {isa = PBXBuildFile; fileRef = 80CDBC53219641E600642D46 /* AddActivityEventViewController.swift */; };
		80F4649121B36B2300D9B2F9 /* SettingsNotificationViewController.swift in Sources */ = {isa = PBXBuildFile; fileRef = 80F4649021B36B2300D9B2F9 /* SettingsNotificationViewController.swift */; };
		B5114C3621A23474004E2CED /* ParticipantsViewController.swift in Sources */ = {isa = PBXBuildFile; fileRef = B5114C3521A23474004E2CED /* ParticipantsViewController.swift */; };
		B5114C3821A33C06004E2CED /* EmergencyButtonViewController.swift in Sources */ = {isa = PBXBuildFile; fileRef = B5114C3721A33C06004E2CED /* EmergencyButtonViewController.swift */; };
		B53F5B73219D48BC00A17265 /* AddEventViewController.swift in Sources */ = {isa = PBXBuildFile; fileRef = B53F5B72219D48BC00A17265 /* AddEventViewController.swift */; };
		B5717AB121B448D300D3D71E /* HomeStoryboard.swift in Sources */ = {isa = PBXBuildFile; fileRef = B5717AB021B448D300D3D71E /* HomeStoryboard.swift */; };
		B5717ABF21B4765B00D3D71E /* GroupStoryboardUITests.swift in Sources */ = {isa = PBXBuildFile; fileRef = B5717ABE21B4765B00D3D71E /* GroupStoryboardUITests.swift */; };
		B5717ACD21B479B900D3D71E /* FriendsUITests.swift in Sources */ = {isa = PBXBuildFile; fileRef = B5717ACC21B479B900D3D71E /* FriendsUITests.swift */; };
		B5717ADB21B47A1E00D3D71E /* ChatUITests.swift in Sources */ = {isa = PBXBuildFile; fileRef = B5717ADA21B47A1E00D3D71E /* ChatUITests.swift */; };
		B5717AE921B47AF300D3D71E /* SettingsUITests.swift in Sources */ = {isa = PBXBuildFile; fileRef = B5717AE821B47AF300D3D71E /* SettingsUITests.swift */; };
		B5727A65217FEDED00AF9005 /* AppDelegate.swift in Sources */ = {isa = PBXBuildFile; fileRef = B5727A64217FEDED00AF9005 /* AppDelegate.swift */; };
		B5727A67217FEDED00AF9005 /* HomeViewController.swift in Sources */ = {isa = PBXBuildFile; fileRef = B5727A66217FEDED00AF9005 /* HomeViewController.swift */; };
		B5727A69217FEDED00AF9005 /* GroupsViewController.swift in Sources */ = {isa = PBXBuildFile; fileRef = B5727A68217FEDED00AF9005 /* GroupsViewController.swift */; };
		B5727A6C217FEDED00AF9005 /* Main.storyboard in Resources */ = {isa = PBXBuildFile; fileRef = B5727A6A217FEDED00AF9005 /* Main.storyboard */; };
		B5727A71217FEDEE00AF9005 /* LaunchScreen.storyboard in Resources */ = {isa = PBXBuildFile; fileRef = B5727A6F217FEDEE00AF9005 /* LaunchScreen.storyboard */; };
		B5727A9B217FF71600AF9005 /* FriendsViewController.swift in Sources */ = {isa = PBXBuildFile; fileRef = B5727A9A217FF71600AF9005 /* FriendsViewController.swift */; };
		B57302AD2186D0A300CD06D3 /* Assets.xcassets in Resources */ = {isa = PBXBuildFile; fileRef = B57302AC2186D0A300CD06D3 /* Assets.xcassets */; };
		B580F64721ABA87800F67C6D /* CreatePrivateGroupViewController.swift in Sources */ = {isa = PBXBuildFile; fileRef = B580F64621ABA87800F67C6D /* CreatePrivateGroupViewController.swift */; };
		B5C24E9E21A905C100170192 /* InviteFriendsViewController.swift in Sources */ = {isa = PBXBuildFile; fileRef = B5C24E9D21A905C100170192 /* InviteFriendsViewController.swift */; };
		B5C24EA021A9198D00170192 /* AcceptInviteViewController.swift in Sources */ = {isa = PBXBuildFile; fileRef = B5C24E9F21A9198D00170192 /* AcceptInviteViewController.swift */; };
		B5F54D21218E48D000D0214D /* UserEventsViewController.swift in Sources */ = {isa = PBXBuildFile; fileRef = B5F54D20218E48D000D0214D /* UserEventsViewController.swift */; };
		B5F54D23218E663400D0214D /* HistogramViewController.swift in Sources */ = {isa = PBXBuildFile; fileRef = B5F54D22218E663400D0214D /* HistogramViewController.swift */; };
		B5F54D25218E6D5F00D0214D /* FriendProfileViewController.swift in Sources */ = {isa = PBXBuildFile; fileRef = B5F54D24218E6D5F00D0214D /* FriendProfileViewController.swift */; };
		B5F54D27218E75D200D0214D /* SettingsViewController.swift in Sources */ = {isa = PBXBuildFile; fileRef = B5F54D26218E75D200D0214D /* SettingsViewController.swift */; };
		B5F54D29218E85F500D0214D /* SettingsTableViewCell.swift in Sources */ = {isa = PBXBuildFile; fileRef = B5F54D28218E85F500D0214D /* SettingsTableViewCell.swift */; };
		D41383E321902B950076031B /* GroupChatTableViewController.swift in Sources */ = {isa = PBXBuildFile; fileRef = D41383E221902B950076031B /* GroupChatTableViewController.swift */; };
		D43B7CF4218E6E8C0099C159 /* UserProfileViewController.swift in Sources */ = {isa = PBXBuildFile; fileRef = D43B7CF3218E6E8C0099C159 /* UserProfileViewController.swift */; };
		D43CAB7021B335C800FE4860 /* RequestTableViewCell.swift in Sources */ = {isa = PBXBuildFile; fileRef = D43CAB6E21B335C800FE4860 /* RequestTableViewCell.swift */; };
		D44A89A721968CF200D760CE /* InitUserInfoViewController.swift in Sources */ = {isa = PBXBuildFile; fileRef = D44A89A621968CF200D760CE /* InitUserInfoViewController.swift */; };
		D4A9CA4E219E54FB008E4A90 /* GroupInfo.swift in Sources */ = {isa = PBXBuildFile; fileRef = D4A9CA4D219E54FB008E4A90 /* GroupInfo.swift */; };
		D4B0F1F62188D29E0060EA22 /* GroupProfileViewController.swift in Sources */ = {isa = PBXBuildFile; fileRef = D4B0F1F52188D29E0060EA22 /* GroupProfileViewController.swift */; };
		D4C471AF2190F087003C182B /* MessageLine.swift in Sources */ = {isa = PBXBuildFile; fileRef = D4C471AD2190F086003C182B /* MessageLine.swift */; };
		D4C471B02190F087003C182B /* ChatMessageCollectionViewCell.swift in Sources */ = {isa = PBXBuildFile; fileRef = D4C471AE2190F087003C182B /* ChatMessageCollectionViewCell.swift */; };
		D4CB0277218F94D500503EC3 /* ChatsViewController.swift in Sources */ = {isa = PBXBuildFile; fileRef = D4CB0276218F94D500503EC3 /* ChatsViewController.swift */; };
		D4CCACCD21AA2D4F00E6B829 /* PendingRequest.storyboard in Resources */ = {isa = PBXBuildFile; fileRef = D4CCACCC21AA2D4F00E6B829 /* PendingRequest.storyboard */; };
		D4CCACCF21AA2D8D00E6B829 /* PendingRequestViewController.swift in Sources */ = {isa = PBXBuildFile; fileRef = D4CCACCE21AA2D8D00E6B829 /* PendingRequestViewController.swift */; };
		D4F05D07218E4F0000F0ABF0 /* GroupMemberListTableViewController.swift in Sources */ = {isa = PBXBuildFile; fileRef = D4F05D06218E4F0000F0ABF0 /* GroupMemberListTableViewController.swift */; };
		D4F0EEFD218EDEC60053C1A8 /* SettingsEditiorViewController.swift in Sources */ = {isa = PBXBuildFile; fileRef = D4F0EEFC218EDEC60053C1A8 /* SettingsEditiorViewController.swift */; };
		F8C3D1F1CFDE408C81CE4DA4 /* Pods_SteadyFit.framework in Frameworks */ = {isa = PBXBuildFile; fileRef = 524F9EF2FBCDEC79B4A3191F /* Pods_SteadyFit.framework */; };
		FDB5663421A0E5560050C7B6 /* SettingsEmergencyViewController.swift in Sources */ = {isa = PBXBuildFile; fileRef = FDB5663321A0E5560050C7B6 /* SettingsEmergencyViewController.swift */; };
		FDDD8C3121ADE7EC00A1D4BF /* SettingsHelpViewController.swift in Sources */ = {isa = PBXBuildFile; fileRef = FDDD8C3021ADE7EC00A1D4BF /* SettingsHelpViewController.swift */; };
/* End PBXBuildFile section */

/* Begin PBXContainerItemProxy section */
		B5717AB321B448D300D3D71E /* PBXContainerItemProxy */ = {
			isa = PBXContainerItemProxy;
			containerPortal = B5727A59217FEDED00AF9005 /* Project object */;
			proxyType = 1;
			remoteGlobalIDString = B5727A60217FEDED00AF9005;
			remoteInfo = SteadyFit;
		};
		B5717AC121B4765B00D3D71E /* PBXContainerItemProxy */ = {
			isa = PBXContainerItemProxy;
			containerPortal = B5727A59217FEDED00AF9005 /* Project object */;
			proxyType = 1;
			remoteGlobalIDString = B5727A60217FEDED00AF9005;
			remoteInfo = SteadyFit;
		};
		B5717ACF21B479B900D3D71E /* PBXContainerItemProxy */ = {
			isa = PBXContainerItemProxy;
			containerPortal = B5727A59217FEDED00AF9005 /* Project object */;
			proxyType = 1;
			remoteGlobalIDString = B5727A60217FEDED00AF9005;
			remoteInfo = SteadyFit;
		};
		B5717ADD21B47A1E00D3D71E /* PBXContainerItemProxy */ = {
			isa = PBXContainerItemProxy;
			containerPortal = B5727A59217FEDED00AF9005 /* Project object */;
			proxyType = 1;
			remoteGlobalIDString = B5727A60217FEDED00AF9005;
			remoteInfo = SteadyFit;
		};
		B5717AEB21B47AF300D3D71E /* PBXContainerItemProxy */ = {
			isa = PBXContainerItemProxy;
			containerPortal = B5727A59217FEDED00AF9005 /* Project object */;
			proxyType = 1;
			remoteGlobalIDString = B5727A60217FEDED00AF9005;
			remoteInfo = SteadyFit;
		};
/* End PBXContainerItemProxy section */

/* Begin PBXFileReference section */
		123B549E218C17FC00646CEB /* Groups.storyboard */ = {isa = PBXFileReference; lastKnownFileType = file.storyboard; path = Groups.storyboard; sourceTree = "<group>"; };
		123B54A0218C1E7200646CEB /* Home.storyboard */ = {isa = PBXFileReference; lastKnownFileType = file.storyboard; path = Home.storyboard; sourceTree = "<group>"; };
		123B54A2218C1EA500646CEB /* Friends.storyboard */ = {isa = PBXFileReference; lastKnownFileType = file.storyboard; path = Friends.storyboard; sourceTree = "<group>"; };
		125AAD4C218D9A1800CC5FCD /* LoginViewController.swift */ = {isa = PBXFileReference; lastKnownFileType = sourcecode.swift; path = LoginViewController.swift; sourceTree = "<group>"; };
		12A6E646218D0BE2003ED258 /* UserGroup.swift */ = {isa = PBXFileReference; lastKnownFileType = sourcecode.swift; path = UserGroup.swift; sourceTree = "<group>"; };
		12A6E64A218D7442003ED258 /* Chats.storyboard */ = {isa = PBXFileReference; lastKnownFileType = file.storyboard; path = Chats.storyboard; sourceTree = "<group>"; };
		12A6E64C218D7480003ED258 /* Settings.storyboard */ = {isa = PBXFileReference; lastKnownFileType = file.storyboard; path = Settings.storyboard; sourceTree = "<group>"; };
		12D1D5052195874B0051633F /* EventPage.storyboard */ = {isa = PBXFileReference; lastKnownFileType = file.storyboard; path = EventPage.storyboard; sourceTree = "<group>"; };
		12D1D507219589410051633F /* Profile.storyboard */ = {isa = PBXFileReference; lastKnownFileType = file.storyboard; path = Profile.storyboard; sourceTree = "<group>"; };
		12D1D50921960B120051633F /* GoogleService-Info.plist */ = {isa = PBXFileReference; fileEncoding = 4; lastKnownFileType = text.plist.xml; path = "GoogleService-Info.plist"; sourceTree = "<group>"; };
		345E59685D91B020FFE70273 /* Pods_SteadyFitTests.framework */ = {isa = PBXFileReference; explicitFileType = wrapper.framework; includeInIndex = 0; path = Pods_SteadyFitTests.framework; sourceTree = BUILT_PRODUCTS_DIR; };
		524F9EF2FBCDEC79B4A3191F /* Pods_SteadyFit.framework */ = {isa = PBXFileReference; explicitFileType = wrapper.framework; includeInIndex = 0; path = Pods_SteadyFit.framework; sourceTree = BUILT_PRODUCTS_DIR; };
		60E6AD2321A0EE9800429419 /* GroupEvents.swift */ = {isa = PBXFileReference; lastKnownFileType = sourcecode.swift; path = GroupEvents.swift; sourceTree = "<group>"; };
		60E6AD2521A0EEC100429419 /* GroupUser.swift */ = {isa = PBXFileReference; lastKnownFileType = sourcecode.swift; path = GroupUser.swift; sourceTree = "<group>"; };
		60E6AD2721A0F13F00429419 /* BarEntry.swift */ = {isa = PBXFileReference; fileEncoding = 4; lastKnownFileType = sourcecode.swift; path = BarEntry.swift; sourceTree = "<group>"; };
		60E6AD2921A0F15B00429419 /* BarChartActivityTracker.swift */ = {isa = PBXFileReference; fileEncoding = 4; lastKnownFileType = sourcecode.swift; name = BarChartActivityTracker.swift; path = SteadyFit/BarChartActivityTracker.swift; sourceTree = SOURCE_ROOT; };
		80CDBC53219641E600642D46 /* AddActivityEventViewController.swift */ = {isa = PBXFileReference; lastKnownFileType = sourcecode.swift; path = AddActivityEventViewController.swift; sourceTree = "<group>"; };
		80F4649021B36B2300D9B2F9 /* SettingsNotificationViewController.swift */ = {isa = PBXFileReference; lastKnownFileType = sourcecode.swift; path = SettingsNotificationViewController.swift; sourceTree = "<group>"; };
		87E321E553C0E12A38F689D4 /* Pods-SteadyFit.debug.xcconfig */ = {isa = PBXFileReference; includeInIndex = 1; lastKnownFileType = text.xcconfig; name = "Pods-SteadyFit.debug.xcconfig"; path = "Pods/Target Support Files/Pods-SteadyFit/Pods-SteadyFit.debug.xcconfig"; sourceTree = "<group>"; };
		99421C9E7AC24DBBF3447B92 /* Pods-SteadyFitUITests.release.xcconfig */ = {isa = PBXFileReference; includeInIndex = 1; lastKnownFileType = text.xcconfig; name = "Pods-SteadyFitUITests.release.xcconfig"; path = "Pods/Target Support Files/Pods-SteadyFitUITests/Pods-SteadyFitUITests.release.xcconfig"; sourceTree = "<group>"; };
		9DCB980D16CCE1AAF00B2201 /* Pods-SteadyFit.release.xcconfig */ = {isa = PBXFileReference; includeInIndex = 1; lastKnownFileType = text.xcconfig; name = "Pods-SteadyFit.release.xcconfig"; path = "Pods/Target Support Files/Pods-SteadyFit/Pods-SteadyFit.release.xcconfig"; sourceTree = "<group>"; };
		B47CA2799C0522C138F83B37 /* Pods-SteadyFitTests.debug.xcconfig */ = {isa = PBXFileReference; includeInIndex = 1; lastKnownFileType = text.xcconfig; name = "Pods-SteadyFitTests.debug.xcconfig"; path = "Pods/Target Support Files/Pods-SteadyFitTests/Pods-SteadyFitTests.debug.xcconfig"; sourceTree = "<group>"; };
		B5114C3521A23474004E2CED /* ParticipantsViewController.swift */ = {isa = PBXFileReference; lastKnownFileType = sourcecode.swift; path = ParticipantsViewController.swift; sourceTree = "<group>"; };
		B5114C3721A33C06004E2CED /* EmergencyButtonViewController.swift */ = {isa = PBXFileReference; lastKnownFileType = sourcecode.swift; path = EmergencyButtonViewController.swift; sourceTree = "<group>"; };
		B53F5B72219D48BC00A17265 /* AddEventViewController.swift */ = {isa = PBXFileReference; lastKnownFileType = sourcecode.swift; path = AddEventViewController.swift; sourceTree = "<group>"; xcLanguageSpecificationIdentifier = xcode.lang.swift; };
		B5717AAE21B448D300D3D71E /* HomeStoryboard.xctest */ = {isa = PBXFileReference; explicitFileType = wrapper.cfbundle; includeInIndex = 0; path = HomeStoryboard.xctest; sourceTree = BUILT_PRODUCTS_DIR; };
		B5717AB021B448D300D3D71E /* HomeStoryboard.swift */ = {isa = PBXFileReference; lastKnownFileType = sourcecode.swift; path = HomeStoryboard.swift; sourceTree = "<group>"; };
		B5717AB221B448D300D3D71E /* Info.plist */ = {isa = PBXFileReference; lastKnownFileType = text.plist.xml; path = Info.plist; sourceTree = "<group>"; };
		B5717ABC21B4765B00D3D71E /* GroupStoryboardUITests.xctest */ = {isa = PBXFileReference; explicitFileType = wrapper.cfbundle; includeInIndex = 0; path = GroupStoryboardUITests.xctest; sourceTree = BUILT_PRODUCTS_DIR; };
		B5717ABE21B4765B00D3D71E /* GroupStoryboardUITests.swift */ = {isa = PBXFileReference; lastKnownFileType = sourcecode.swift; path = GroupStoryboardUITests.swift; sourceTree = "<group>"; };
		B5717AC021B4765B00D3D71E /* Info.plist */ = {isa = PBXFileReference; lastKnownFileType = text.plist.xml; path = Info.plist; sourceTree = "<group>"; };
		B5717ACA21B479B900D3D71E /* FriendsUITests.xctest */ = {isa = PBXFileReference; explicitFileType = wrapper.cfbundle; includeInIndex = 0; path = FriendsUITests.xctest; sourceTree = BUILT_PRODUCTS_DIR; };
		B5717ACC21B479B900D3D71E /* FriendsUITests.swift */ = {isa = PBXFileReference; lastKnownFileType = sourcecode.swift; path = FriendsUITests.swift; sourceTree = "<group>"; };
		B5717ACE21B479B900D3D71E /* Info.plist */ = {isa = PBXFileReference; lastKnownFileType = text.plist.xml; path = Info.plist; sourceTree = "<group>"; };
		B5717AD821B47A1D00D3D71E /* ChatUITests.xctest */ = {isa = PBXFileReference; explicitFileType = wrapper.cfbundle; includeInIndex = 0; path = ChatUITests.xctest; sourceTree = BUILT_PRODUCTS_DIR; };
		B5717ADA21B47A1E00D3D71E /* ChatUITests.swift */ = {isa = PBXFileReference; lastKnownFileType = sourcecode.swift; path = ChatUITests.swift; sourceTree = "<group>"; };
		B5717ADC21B47A1E00D3D71E /* Info.plist */ = {isa = PBXFileReference; lastKnownFileType = text.plist.xml; path = Info.plist; sourceTree = "<group>"; };
		B5717AE621B47AF300D3D71E /* SettingsUITests.xctest */ = {isa = PBXFileReference; explicitFileType = wrapper.cfbundle; includeInIndex = 0; path = SettingsUITests.xctest; sourceTree = BUILT_PRODUCTS_DIR; };
		B5717AE821B47AF300D3D71E /* SettingsUITests.swift */ = {isa = PBXFileReference; lastKnownFileType = sourcecode.swift; path = SettingsUITests.swift; sourceTree = "<group>"; };
		B5717AEA21B47AF300D3D71E /* Info.plist */ = {isa = PBXFileReference; lastKnownFileType = text.plist.xml; path = Info.plist; sourceTree = "<group>"; };
		B5727A61217FEDED00AF9005 /* SteadyFit.app */ = {isa = PBXFileReference; explicitFileType = wrapper.application; includeInIndex = 0; path = SteadyFit.app; sourceTree = BUILT_PRODUCTS_DIR; };
		B5727A64217FEDED00AF9005 /* AppDelegate.swift */ = {isa = PBXFileReference; lastKnownFileType = sourcecode.swift; path = AppDelegate.swift; sourceTree = "<group>"; };
		B5727A66217FEDED00AF9005 /* HomeViewController.swift */ = {isa = PBXFileReference; lastKnownFileType = sourcecode.swift; path = HomeViewController.swift; sourceTree = "<group>"; };
		B5727A68217FEDED00AF9005 /* GroupsViewController.swift */ = {isa = PBXFileReference; lastKnownFileType = sourcecode.swift; path = GroupsViewController.swift; sourceTree = "<group>"; };
		B5727A6B217FEDED00AF9005 /* Base */ = {isa = PBXFileReference; lastKnownFileType = file.storyboard; name = Base; path = Base.lproj/Main.storyboard; sourceTree = "<group>"; };
		B5727A70217FEDEE00AF9005 /* Base */ = {isa = PBXFileReference; lastKnownFileType = file.storyboard; name = Base; path = Base.lproj/LaunchScreen.storyboard; sourceTree = "<group>"; };
		B5727A72217FEDEE00AF9005 /* Info.plist */ = {isa = PBXFileReference; lastKnownFileType = text.plist.xml; path = Info.plist; sourceTree = "<group>"; };
		B5727A9A217FF71600AF9005 /* FriendsViewController.swift */ = {isa = PBXFileReference; lastKnownFileType = sourcecode.swift; path = FriendsViewController.swift; sourceTree = "<group>"; };
		B57302AC2186D0A300CD06D3 /* Assets.xcassets */ = {isa = PBXFileReference; lastKnownFileType = folder.assetcatalog; path = Assets.xcassets; sourceTree = "<group>"; };
		B580F64621ABA87800F67C6D /* CreatePrivateGroupViewController.swift */ = {isa = PBXFileReference; lastKnownFileType = sourcecode.swift; path = CreatePrivateGroupViewController.swift; sourceTree = "<group>"; };
		B5C24E9D21A905C100170192 /* InviteFriendsViewController.swift */ = {isa = PBXFileReference; lastKnownFileType = sourcecode.swift; path = InviteFriendsViewController.swift; sourceTree = "<group>"; };
		B5C24E9F21A9198D00170192 /* AcceptInviteViewController.swift */ = {isa = PBXFileReference; lastKnownFileType = sourcecode.swift; path = AcceptInviteViewController.swift; sourceTree = "<group>"; };
		B5F54D20218E48D000D0214D /* UserEventsViewController.swift */ = {isa = PBXFileReference; lastKnownFileType = sourcecode.swift; path = UserEventsViewController.swift; sourceTree = "<group>"; };
		B5F54D22218E663400D0214D /* HistogramViewController.swift */ = {isa = PBXFileReference; lastKnownFileType = sourcecode.swift; path = HistogramViewController.swift; sourceTree = "<group>"; };
		B5F54D24218E6D5F00D0214D /* FriendProfileViewController.swift */ = {isa = PBXFileReference; lastKnownFileType = sourcecode.swift; path = FriendProfileViewController.swift; sourceTree = "<group>"; };
		B5F54D26218E75D200D0214D /* SettingsViewController.swift */ = {isa = PBXFileReference; lastKnownFileType = sourcecode.swift; path = SettingsViewController.swift; sourceTree = "<group>"; };
		B5F54D28218E85F500D0214D /* SettingsTableViewCell.swift */ = {isa = PBXFileReference; lastKnownFileType = sourcecode.swift; path = SettingsTableViewCell.swift; sourceTree = "<group>"; };
		B965C2595CF769777BB4CC17 /* Pods_SteadyFitUITests.framework */ = {isa = PBXFileReference; explicitFileType = wrapper.framework; includeInIndex = 0; path = Pods_SteadyFitUITests.framework; sourceTree = BUILT_PRODUCTS_DIR; };
		BEC196ED42956309F7A7CACE /* Pods-SteadyFitUITests.debug.xcconfig */ = {isa = PBXFileReference; includeInIndex = 1; lastKnownFileType = text.xcconfig; name = "Pods-SteadyFitUITests.debug.xcconfig"; path = "Pods/Target Support Files/Pods-SteadyFitUITests/Pods-SteadyFitUITests.debug.xcconfig"; sourceTree = "<group>"; };
		C9E952BF25F86290D84D1FDC /* Pods-SteadyFitTests.release.xcconfig */ = {isa = PBXFileReference; includeInIndex = 1; lastKnownFileType = text.xcconfig; name = "Pods-SteadyFitTests.release.xcconfig"; path = "Pods/Target Support Files/Pods-SteadyFitTests/Pods-SteadyFitTests.release.xcconfig"; sourceTree = "<group>"; };
		D41383E221902B950076031B /* GroupChatTableViewController.swift */ = {isa = PBXFileReference; lastKnownFileType = sourcecode.swift; path = GroupChatTableViewController.swift; sourceTree = "<group>"; };
		D43B7CF3218E6E8C0099C159 /* UserProfileViewController.swift */ = {isa = PBXFileReference; lastKnownFileType = sourcecode.swift; path = UserProfileViewController.swift; sourceTree = "<group>"; };
		D43CAB6E21B335C800FE4860 /* RequestTableViewCell.swift */ = {isa = PBXFileReference; lastKnownFileType = sourcecode.swift; path = RequestTableViewCell.swift; sourceTree = "<group>"; };
		D44A89A621968CF200D760CE /* InitUserInfoViewController.swift */ = {isa = PBXFileReference; lastKnownFileType = sourcecode.swift; path = InitUserInfoViewController.swift; sourceTree = "<group>"; };
		D4A9CA4D219E54FB008E4A90 /* GroupInfo.swift */ = {isa = PBXFileReference; lastKnownFileType = sourcecode.swift; path = GroupInfo.swift; sourceTree = "<group>"; };
		D4B0F1F52188D29E0060EA22 /* GroupProfileViewController.swift */ = {isa = PBXFileReference; fileEncoding = 4; lastKnownFileType = sourcecode.swift; path = GroupProfileViewController.swift; sourceTree = "<group>"; };
		D4C471AD2190F086003C182B /* MessageLine.swift */ = {isa = PBXFileReference; fileEncoding = 4; lastKnownFileType = sourcecode.swift; path = MessageLine.swift; sourceTree = "<group>"; };
		D4C471AE2190F087003C182B /* ChatMessageCollectionViewCell.swift */ = {isa = PBXFileReference; fileEncoding = 4; lastKnownFileType = sourcecode.swift; path = ChatMessageCollectionViewCell.swift; sourceTree = "<group>"; };
		D4CB0276218F94D500503EC3 /* ChatsViewController.swift */ = {isa = PBXFileReference; lastKnownFileType = sourcecode.swift; path = ChatsViewController.swift; sourceTree = "<group>"; };
		D4CCACCC21AA2D4F00E6B829 /* PendingRequest.storyboard */ = {isa = PBXFileReference; lastKnownFileType = file.storyboard; path = PendingRequest.storyboard; sourceTree = "<group>"; };
		D4CCACCE21AA2D8D00E6B829 /* PendingRequestViewController.swift */ = {isa = PBXFileReference; lastKnownFileType = sourcecode.swift; path = PendingRequestViewController.swift; sourceTree = "<group>"; };
		D4F05D06218E4F0000F0ABF0 /* GroupMemberListTableViewController.swift */ = {isa = PBXFileReference; lastKnownFileType = sourcecode.swift; path = GroupMemberListTableViewController.swift; sourceTree = "<group>"; };
		D4F0EEFC218EDEC60053C1A8 /* SettingsEditiorViewController.swift */ = {isa = PBXFileReference; lastKnownFileType = sourcecode.swift; path = SettingsEditiorViewController.swift; sourceTree = "<group>"; };
		FDB5663321A0E5560050C7B6 /* SettingsEmergencyViewController.swift */ = {isa = PBXFileReference; lastKnownFileType = sourcecode.swift; path = SettingsEmergencyViewController.swift; sourceTree = "<group>"; };
		FDDD8C3021ADE7EC00A1D4BF /* SettingsHelpViewController.swift */ = {isa = PBXFileReference; lastKnownFileType = sourcecode.swift; path = SettingsHelpViewController.swift; sourceTree = "<group>"; };
/* End PBXFileReference section */

/* Begin PBXFrameworksBuildPhase section */
		B5717AAB21B448D300D3D71E /* Frameworks */ = {
			isa = PBXFrameworksBuildPhase;
			buildActionMask = 2147483647;
			files = (
			);
			runOnlyForDeploymentPostprocessing = 0;
		};
		B5717AB921B4765B00D3D71E /* Frameworks */ = {
			isa = PBXFrameworksBuildPhase;
			buildActionMask = 2147483647;
			files = (
			);
			runOnlyForDeploymentPostprocessing = 0;
		};
		B5717AC721B479B900D3D71E /* Frameworks */ = {
			isa = PBXFrameworksBuildPhase;
			buildActionMask = 2147483647;
			files = (
			);
			runOnlyForDeploymentPostprocessing = 0;
		};
		B5717AD521B47A1D00D3D71E /* Frameworks */ = {
			isa = PBXFrameworksBuildPhase;
			buildActionMask = 2147483647;
			files = (
			);
			runOnlyForDeploymentPostprocessing = 0;
		};
		B5717AE321B47AF300D3D71E /* Frameworks */ = {
			isa = PBXFrameworksBuildPhase;
			buildActionMask = 2147483647;
			files = (
			);
			runOnlyForDeploymentPostprocessing = 0;
		};
		B5727A5E217FEDED00AF9005 /* Frameworks */ = {
			isa = PBXFrameworksBuildPhase;
			buildActionMask = 2147483647;
			files = (
				F8C3D1F1CFDE408C81CE4DA4 /* Pods_SteadyFit.framework in Frameworks */,
			);
			runOnlyForDeploymentPostprocessing = 0;
		};
/* End PBXFrameworksBuildPhase section */

/* Begin PBXGroup section */
		12A6E645218D0B3B003ED258 /* Model */ = {
			isa = PBXGroup;
			children = (
				D4C471AE2190F087003C182B /* ChatMessageCollectionViewCell.swift */,
				D4C471AD2190F086003C182B /* MessageLine.swift */,
				12A6E646218D0BE2003ED258 /* UserGroup.swift */,
				D4A9CA4D219E54FB008E4A90 /* GroupInfo.swift */,
				60E6AD2321A0EE9800429419 /* GroupEvents.swift */,
				60E6AD2521A0EEC100429419 /* GroupUser.swift */,
				60E6AD2721A0F13F00429419 /* BarEntry.swift */,
				D43CAB6E21B335C800FE4860 /* RequestTableViewCell.swift */,
			);
			path = Model;
			sourceTree = "<group>";
		};
		474D018BBC3B08EDD12F44EE /* Frameworks */ = {
			isa = PBXGroup;
			children = (
				524F9EF2FBCDEC79B4A3191F /* Pods_SteadyFit.framework */,
				345E59685D91B020FFE70273 /* Pods_SteadyFitTests.framework */,
				B965C2595CF769777BB4CC17 /* Pods_SteadyFitUITests.framework */,
			);
			name = Frameworks;
			sourceTree = "<group>";
		};
		5CFADD59FCA25E7E1C569B59 /* Pods */ = {
			isa = PBXGroup;
			children = (
				87E321E553C0E12A38F689D4 /* Pods-SteadyFit.debug.xcconfig */,
				9DCB980D16CCE1AAF00B2201 /* Pods-SteadyFit.release.xcconfig */,
				B47CA2799C0522C138F83B37 /* Pods-SteadyFitTests.debug.xcconfig */,
				C9E952BF25F86290D84D1FDC /* Pods-SteadyFitTests.release.xcconfig */,
				BEC196ED42956309F7A7CACE /* Pods-SteadyFitUITests.debug.xcconfig */,
				99421C9E7AC24DBBF3447B92 /* Pods-SteadyFitUITests.release.xcconfig */,
			);
			name = Pods;
			sourceTree = "<group>";
		};
		B5717AAF21B448D300D3D71E /* HomeStoryboard */ = {
			isa = PBXGroup;
			children = (
				B5717AB021B448D300D3D71E /* HomeStoryboard.swift */,
				B5717AB221B448D300D3D71E /* Info.plist */,
			);
			path = HomeStoryboard;
			sourceTree = "<group>";
		};
		B5717ABD21B4765B00D3D71E /* GroupStoryboardUITests */ = {
			isa = PBXGroup;
			children = (
				B5717ABE21B4765B00D3D71E /* GroupStoryboardUITests.swift */,
				B5717AC021B4765B00D3D71E /* Info.plist */,
			);
			path = GroupStoryboardUITests;
			sourceTree = "<group>";
		};
		B5717ACB21B479B900D3D71E /* FriendsUITests */ = {
			isa = PBXGroup;
			children = (
				B5717ACC21B479B900D3D71E /* FriendsUITests.swift */,
				B5717ACE21B479B900D3D71E /* Info.plist */,
			);
			path = FriendsUITests;
			sourceTree = "<group>";
		};
		B5717AD921B47A1E00D3D71E /* ChatUITests */ = {
			isa = PBXGroup;
			children = (
				B5717ADA21B47A1E00D3D71E /* ChatUITests.swift */,
				B5717ADC21B47A1E00D3D71E /* Info.plist */,
			);
			path = ChatUITests;
			sourceTree = "<group>";
		};
		B5717AE721B47AF300D3D71E /* SettingsUITests */ = {
			isa = PBXGroup;
			children = (
				B5717AE821B47AF300D3D71E /* SettingsUITests.swift */,
				B5717AEA21B47AF300D3D71E /* Info.plist */,
			);
			path = SettingsUITests;
			sourceTree = "<group>";
		};
		B5727A58217FEDED00AF9005 = {
			isa = PBXGroup;
			children = (
				B5727A63217FEDED00AF9005 /* SteadyFit */,
				B5717AAF21B448D300D3D71E /* HomeStoryboard */,
				B5717ABD21B4765B00D3D71E /* GroupStoryboardUITests */,
				B5717ACB21B479B900D3D71E /* FriendsUITests */,
				B5717AD921B47A1E00D3D71E /* ChatUITests */,
				B5717AE721B47AF300D3D71E /* SettingsUITests */,
				B5727A62217FEDED00AF9005 /* Products */,
				5CFADD59FCA25E7E1C569B59 /* Pods */,
				474D018BBC3B08EDD12F44EE /* Frameworks */,
			);
			sourceTree = "<group>";
		};
		B5727A62217FEDED00AF9005 /* Products */ = {
			isa = PBXGroup;
			children = (
				B5727A61217FEDED00AF9005 /* SteadyFit.app */,
				B5717AAE21B448D300D3D71E /* HomeStoryboard.xctest */,
				B5717ABC21B4765B00D3D71E /* GroupStoryboardUITests.xctest */,
				B5717ACA21B479B900D3D71E /* FriendsUITests.xctest */,
				B5717AD821B47A1D00D3D71E /* ChatUITests.xctest */,
				B5717AE621B47AF300D3D71E /* SettingsUITests.xctest */,
			);
			name = Products;
			sourceTree = "<group>";
		};
		B5727A63217FEDED00AF9005 /* SteadyFit */ = {
			isa = PBXGroup;
			children = (
				12A6E645218D0B3B003ED258 /* Model */,
				B5727A64217FEDED00AF9005 /* AppDelegate.swift */,
				80CDBC53219641E600642D46 /* AddActivityEventViewController.swift */,
				B53F5B72219D48BC00A17265 /* AddEventViewController.swift */,
				B5C24E9F21A9198D00170192 /* AcceptInviteViewController.swift */,
				60E6AD2921A0F15B00429419 /* BarChartActivityTracker.swift */,
				D4CB0276218F94D500503EC3 /* ChatsViewController.swift */,
				B580F64621ABA87800F67C6D /* CreatePrivateGroupViewController.swift */,
				B5114C3721A33C06004E2CED /* EmergencyButtonViewController.swift */,
				B5727A9A217FF71600AF9005 /* FriendsViewController.swift */,
				B5F54D24218E6D5F00D0214D /* FriendProfileViewController.swift */,
				B5727A68217FEDED00AF9005 /* GroupsViewController.swift */,
				D4B0F1F52188D29E0060EA22 /* GroupProfileViewController.swift */,
				D41383E221902B950076031B /* GroupChatTableViewController.swift */,
				D4F05D06218E4F0000F0ABF0 /* GroupMemberListTableViewController.swift */,
				B5F54D22218E663400D0214D /* HistogramViewController.swift */,
				B5727A66217FEDED00AF9005 /* HomeViewController.swift */,
				D44A89A621968CF200D760CE /* InitUserInfoViewController.swift */,
				B5C24E9D21A905C100170192 /* InviteFriendsViewController.swift */,
				125AAD4C218D9A1800CC5FCD /* LoginViewController.swift */,
				B5114C3521A23474004E2CED /* ParticipantsViewController.swift */,
				D4CCACCE21AA2D8D00E6B829 /* PendingRequestViewController.swift */,
				B5F54D20218E48D000D0214D /* UserEventsViewController.swift */,
				D43B7CF3218E6E8C0099C159 /* UserProfileViewController.swift */,
				B5F54D26218E75D200D0214D /* SettingsViewController.swift */,
				B5F54D28218E85F500D0214D /* SettingsTableViewCell.swift */,
				D4F0EEFC218EDEC60053C1A8 /* SettingsEditiorViewController.swift */,
				FDB5663321A0E5560050C7B6 /* SettingsEmergencyViewController.swift */,
				FDDD8C3021ADE7EC00A1D4BF /* SettingsHelpViewController.swift */,
				80F4649021B36B2300D9B2F9 /* SettingsNotificationViewController.swift */,
				B57302AC2186D0A300CD06D3 /* Assets.xcassets */,
				B5727A72217FEDEE00AF9005 /* Info.plist */,
				12D1D50921960B120051633F /* GoogleService-Info.plist */,
				B5727A6F217FEDEE00AF9005 /* LaunchScreen.storyboard */,
				B5727A6A217FEDED00AF9005 /* Main.storyboard */,
				123B54A0218C1E7200646CEB /* Home.storyboard */,
				123B549E218C17FC00646CEB /* Groups.storyboard */,
				D4CCACCC21AA2D4F00E6B829 /* PendingRequest.storyboard */,
				12D1D507219589410051633F /* Profile.storyboard */,
				12D1D5052195874B0051633F /* EventPage.storyboard */,
				123B54A2218C1EA500646CEB /* Friends.storyboard */,
				12A6E64A218D7442003ED258 /* Chats.storyboard */,
				12A6E64C218D7480003ED258 /* Settings.storyboard */,
			);
			path = SteadyFit;
			sourceTree = "<group>";
		};
/* End PBXGroup section */

/* Begin PBXNativeTarget section */
		B5717AAD21B448D300D3D71E /* HomeStoryboard */ = {
			isa = PBXNativeTarget;
			buildConfigurationList = B5717AB521B448D300D3D71E /* Build configuration list for PBXNativeTarget "HomeStoryboard" */;
			buildPhases = (
				B5717AAA21B448D300D3D71E /* Sources */,
				B5717AAB21B448D300D3D71E /* Frameworks */,
				B5717AAC21B448D300D3D71E /* Resources */,
			);
			buildRules = (
			);
			dependencies = (
				B5717AB421B448D300D3D71E /* PBXTargetDependency */,
			);
			name = HomeStoryboard;
			productName = HomeStoryboard;
			productReference = B5717AAE21B448D300D3D71E /* HomeStoryboard.xctest */;
			productType = "com.apple.product-type.bundle.ui-testing";
		};
		B5717ABB21B4765B00D3D71E /* GroupStoryboardUITests */ = {
			isa = PBXNativeTarget;
			buildConfigurationList = B5717AC321B4765B00D3D71E /* Build configuration list for PBXNativeTarget "GroupStoryboardUITests" */;
			buildPhases = (
				B5717AB821B4765B00D3D71E /* Sources */,
				B5717AB921B4765B00D3D71E /* Frameworks */,
				B5717ABA21B4765B00D3D71E /* Resources */,
			);
			buildRules = (
			);
			dependencies = (
				B5717AC221B4765B00D3D71E /* PBXTargetDependency */,
			);
			name = GroupStoryboardUITests;
			productName = GroupStoryboardUITests;
			productReference = B5717ABC21B4765B00D3D71E /* GroupStoryboardUITests.xctest */;
			productType = "com.apple.product-type.bundle.ui-testing";
		};
		B5717AC921B479B900D3D71E /* FriendsUITests */ = {
			isa = PBXNativeTarget;
			buildConfigurationList = B5717AD121B479B900D3D71E /* Build configuration list for PBXNativeTarget "FriendsUITests" */;
			buildPhases = (
				B5717AC621B479B900D3D71E /* Sources */,
				B5717AC721B479B900D3D71E /* Frameworks */,
				B5717AC821B479B900D3D71E /* Resources */,
			);
			buildRules = (
			);
			dependencies = (
				B5717AD021B479B900D3D71E /* PBXTargetDependency */,
			);
			name = FriendsUITests;
			productName = FriendsUITests;
			productReference = B5717ACA21B479B900D3D71E /* FriendsUITests.xctest */;
			productType = "com.apple.product-type.bundle.ui-testing";
		};
		B5717AD721B47A1D00D3D71E /* ChatUITests */ = {
			isa = PBXNativeTarget;
			buildConfigurationList = B5717ADF21B47A1E00D3D71E /* Build configuration list for PBXNativeTarget "ChatUITests" */;
			buildPhases = (
				B5717AD421B47A1D00D3D71E /* Sources */,
				B5717AD521B47A1D00D3D71E /* Frameworks */,
				B5717AD621B47A1D00D3D71E /* Resources */,
			);
			buildRules = (
			);
			dependencies = (
				B5717ADE21B47A1E00D3D71E /* PBXTargetDependency */,
			);
			name = ChatUITests;
			productName = ChatUITests;
			productReference = B5717AD821B47A1D00D3D71E /* ChatUITests.xctest */;
			productType = "com.apple.product-type.bundle.ui-testing";
		};
		B5717AE521B47AF300D3D71E /* SettingsUITests */ = {
			isa = PBXNativeTarget;
			buildConfigurationList = B5717AED21B47AF300D3D71E /* Build configuration list for PBXNativeTarget "SettingsUITests" */;
			buildPhases = (
				B5717AE221B47AF300D3D71E /* Sources */,
				B5717AE321B47AF300D3D71E /* Frameworks */,
				B5717AE421B47AF300D3D71E /* Resources */,
			);
			buildRules = (
			);
			dependencies = (
				B5717AEC21B47AF300D3D71E /* PBXTargetDependency */,
			);
			name = SettingsUITests;
			productName = SettingsUITests;
			productReference = B5717AE621B47AF300D3D71E /* SettingsUITests.xctest */;
			productType = "com.apple.product-type.bundle.ui-testing";
		};
		B5727A60217FEDED00AF9005 /* SteadyFit */ = {
			isa = PBXNativeTarget;
			buildConfigurationList = B5727A8B217FEDEE00AF9005 /* Build configuration list for PBXNativeTarget "SteadyFit" */;
			buildPhases = (
				2F929AC0B87776204BD23A03 /* [CP] Check Pods Manifest.lock */,
				B5727A5D217FEDED00AF9005 /* Sources */,
				B5727A5E217FEDED00AF9005 /* Frameworks */,
				B5727A5F217FEDED00AF9005 /* Resources */,
				77C39C199C878C3DC39C6182 /* [CP] Embed Pods Frameworks */,
			);
			buildRules = (
			);
			dependencies = (
			);
			name = SteadyFit;
			productName = SteadyFit;
			productReference = B5727A61217FEDED00AF9005 /* SteadyFit.app */;
			productType = "com.apple.product-type.application";
		};
/* End PBXNativeTarget section */

/* Begin PBXProject section */
		B5727A59217FEDED00AF9005 /* Project object */ = {
			isa = PBXProject;
			attributes = {
				LastSwiftUpdateCheck = 1000;
				LastUpgradeCheck = 1000;
				ORGANIZATIONNAME = Daycar;
				TargetAttributes = {
					B5717AAD21B448D300D3D71E = {
						CreatedOnToolsVersion = 10.0;
						TestTargetID = B5727A60217FEDED00AF9005;
					};
					B5717ABB21B4765B00D3D71E = {
						CreatedOnToolsVersion = 10.0;
						TestTargetID = B5727A60217FEDED00AF9005;
					};
					B5717AC921B479B900D3D71E = {
						CreatedOnToolsVersion = 10.0;
						TestTargetID = B5727A60217FEDED00AF9005;
					};
					B5717AD721B47A1D00D3D71E = {
						CreatedOnToolsVersion = 10.0;
						TestTargetID = B5727A60217FEDED00AF9005;
					};
					B5717AE521B47AF300D3D71E = {
						CreatedOnToolsVersion = 10.0;
						TestTargetID = B5727A60217FEDED00AF9005;
					};
					B5727A60217FEDED00AF9005 = {
						CreatedOnToolsVersion = 10.0;
						ProvisioningStyle = Automatic;
					};
				};
			};
			buildConfigurationList = B5727A5C217FEDED00AF9005 /* Build configuration list for PBXProject "SteadyFit" */;
			compatibilityVersion = "Xcode 9.3";
			developmentRegion = en;
			hasScannedForEncodings = 0;
			knownRegions = (
				en,
				Base,
			);
			mainGroup = B5727A58217FEDED00AF9005;
			productRefGroup = B5727A62217FEDED00AF9005 /* Products */;
			projectDirPath = "";
			projectRoot = "";
			targets = (
				B5727A60217FEDED00AF9005 /* SteadyFit */,
				B5717AAD21B448D300D3D71E /* HomeStoryboard */,
				B5717ABB21B4765B00D3D71E /* GroupStoryboardUITests */,
				B5717AC921B479B900D3D71E /* FriendsUITests */,
				B5717AD721B47A1D00D3D71E /* ChatUITests */,
				B5717AE521B47AF300D3D71E /* SettingsUITests */,
			);
		};
/* End PBXProject section */

/* Begin PBXResourcesBuildPhase section */
		B5717AAC21B448D300D3D71E /* Resources */ = {
			isa = PBXResourcesBuildPhase;
			buildActionMask = 2147483647;
			files = (
			);
			runOnlyForDeploymentPostprocessing = 0;
		};
		B5717ABA21B4765B00D3D71E /* Resources */ = {
			isa = PBXResourcesBuildPhase;
			buildActionMask = 2147483647;
			files = (
			);
			runOnlyForDeploymentPostprocessing = 0;
		};
		B5717AC821B479B900D3D71E /* Resources */ = {
			isa = PBXResourcesBuildPhase;
			buildActionMask = 2147483647;
			files = (
			);
			runOnlyForDeploymentPostprocessing = 0;
		};
		B5717AD621B47A1D00D3D71E /* Resources */ = {
			isa = PBXResourcesBuildPhase;
			buildActionMask = 2147483647;
			files = (
			);
			runOnlyForDeploymentPostprocessing = 0;
		};
		B5717AE421B47AF300D3D71E /* Resources */ = {
			isa = PBXResourcesBuildPhase;
			buildActionMask = 2147483647;
			files = (
			);
			runOnlyForDeploymentPostprocessing = 0;
		};
		B5727A5F217FEDED00AF9005 /* Resources */ = {
			isa = PBXResourcesBuildPhase;
			buildActionMask = 2147483647;
			files = (
				B5727A71217FEDEE00AF9005 /* LaunchScreen.storyboard in Resources */,
				12D1D508219589410051633F /* Profile.storyboard in Resources */,
				12D1D5062195874B0051633F /* EventPage.storyboard in Resources */,
				B57302AD2186D0A300CD06D3 /* Assets.xcassets in Resources */,
				B5727A6C217FEDED00AF9005 /* Main.storyboard in Resources */,
				123B54A3218C1EA500646CEB /* Friends.storyboard in Resources */,
				12A6E64D218D7480003ED258 /* Settings.storyboard in Resources */,
				123B549F218C17FC00646CEB /* Groups.storyboard in Resources */,
				12D1D50A21960B120051633F /* GoogleService-Info.plist in Resources */,
				12A6E64B218D7442003ED258 /* Chats.storyboard in Resources */,
				D4CCACCD21AA2D4F00E6B829 /* PendingRequest.storyboard in Resources */,
				123B54A1218C1E7200646CEB /* Home.storyboard in Resources */,
			);
			runOnlyForDeploymentPostprocessing = 0;
		};
/* End PBXResourcesBuildPhase section */

/* Begin PBXShellScriptBuildPhase section */
		2F929AC0B87776204BD23A03 /* [CP] Check Pods Manifest.lock */ = {
			isa = PBXShellScriptBuildPhase;
			buildActionMask = 2147483647;
			files = (
			);
			inputFileListPaths = (
			);
			inputPaths = (
				"${PODS_PODFILE_DIR_PATH}/Podfile.lock",
				"${PODS_ROOT}/Manifest.lock",
			);
			name = "[CP] Check Pods Manifest.lock";
			outputFileListPaths = (
			);
			outputPaths = (
				"$(DERIVED_FILE_DIR)/Pods-SteadyFit-checkManifestLockResult.txt",
			);
			runOnlyForDeploymentPostprocessing = 0;
			shellPath = /bin/sh;
			shellScript = "diff \"${PODS_PODFILE_DIR_PATH}/Podfile.lock\" \"${PODS_ROOT}/Manifest.lock\" > /dev/null\nif [ $? != 0 ] ; then\n    # print error to STDERR\n    echo \"error: The sandbox is not in sync with the Podfile.lock. Run 'pod install' or update your CocoaPods installation.\" >&2\n    exit 1\nfi\n# This output is used by Xcode 'outputs' to avoid re-running this script phase.\necho \"SUCCESS\" > \"${SCRIPT_OUTPUT_FILE_0}\"\n";
			showEnvVarsInLog = 0;
		};
		77C39C199C878C3DC39C6182 /* [CP] Embed Pods Frameworks */ = {
			isa = PBXShellScriptBuildPhase;
			buildActionMask = 2147483647;
			files = (
			);
			inputFileListPaths = (
			);
			inputPaths = (
				"${SRCROOT}/Pods/Target Support Files/Pods-SteadyFit/Pods-SteadyFit-frameworks.sh",
				"${BUILT_PRODUCTS_DIR}/GTMSessionFetcher/GTMSessionFetcher.framework",
				"${BUILT_PRODUCTS_DIR}/GoogleUtilities/GoogleUtilities.framework",
				"${BUILT_PRODUCTS_DIR}/Protobuf/Protobuf.framework",
				"${BUILT_PRODUCTS_DIR}/leveldb-library/leveldb.framework",
				"${BUILT_PRODUCTS_DIR}/nanopb/nanopb.framework",
			);
			name = "[CP] Embed Pods Frameworks";
			outputFileListPaths = (
			);
			outputPaths = (
				"${TARGET_BUILD_DIR}/${FRAMEWORKS_FOLDER_PATH}/GTMSessionFetcher.framework",
				"${TARGET_BUILD_DIR}/${FRAMEWORKS_FOLDER_PATH}/GoogleUtilities.framework",
				"${TARGET_BUILD_DIR}/${FRAMEWORKS_FOLDER_PATH}/Protobuf.framework",
				"${TARGET_BUILD_DIR}/${FRAMEWORKS_FOLDER_PATH}/leveldb.framework",
				"${TARGET_BUILD_DIR}/${FRAMEWORKS_FOLDER_PATH}/nanopb.framework",
			);
			runOnlyForDeploymentPostprocessing = 0;
			shellPath = /bin/sh;
			shellScript = "\"${SRCROOT}/Pods/Target Support Files/Pods-SteadyFit/Pods-SteadyFit-frameworks.sh\"\n";
			showEnvVarsInLog = 0;
		};
/* End PBXShellScriptBuildPhase section */

/* Begin PBXSourcesBuildPhase section */
		B5717AAA21B448D300D3D71E /* Sources */ = {
			isa = PBXSourcesBuildPhase;
			buildActionMask = 2147483647;
			files = (
				B5717AB121B448D300D3D71E /* HomeStoryboard.swift in Sources */,
			);
			runOnlyForDeploymentPostprocessing = 0;
		};
		B5717AB821B4765B00D3D71E /* Sources */ = {
			isa = PBXSourcesBuildPhase;
			buildActionMask = 2147483647;
			files = (
				B5717ABF21B4765B00D3D71E /* GroupStoryboardUITests.swift in Sources */,
			);
			runOnlyForDeploymentPostprocessing = 0;
		};
		B5717AC621B479B900D3D71E /* Sources */ = {
			isa = PBXSourcesBuildPhase;
			buildActionMask = 2147483647;
			files = (
				B5717ACD21B479B900D3D71E /* FriendsUITests.swift in Sources */,
			);
			runOnlyForDeploymentPostprocessing = 0;
		};
		B5717AD421B47A1D00D3D71E /* Sources */ = {
			isa = PBXSourcesBuildPhase;
			buildActionMask = 2147483647;
			files = (
				B5717ADB21B47A1E00D3D71E /* ChatUITests.swift in Sources */,
			);
			runOnlyForDeploymentPostprocessing = 0;
		};
		B5717AE221B47AF300D3D71E /* Sources */ = {
			isa = PBXSourcesBuildPhase;
			buildActionMask = 2147483647;
			files = (
				B5717AE921B47AF300D3D71E /* SettingsUITests.swift in Sources */,
			);
			runOnlyForDeploymentPostprocessing = 0;
		};
		B5727A5D217FEDED00AF9005 /* Sources */ = {
			isa = PBXSourcesBuildPhase;
			buildActionMask = 2147483647;
			files = (
				B53F5B73219D48BC00A17265 /* AddEventViewController.swift in Sources */,
				B5F54D25218E6D5F00D0214D /* FriendProfileViewController.swift in Sources */,
				D4C471AF2190F087003C182B /* MessageLine.swift in Sources */,
				B5114C3821A33C06004E2CED /* EmergencyButtonViewController.swift in Sources */,
				FDDD8C3121ADE7EC00A1D4BF /* SettingsHelpViewController.swift in Sources */,
				D43CAB7021B335C800FE4860 /* RequestTableViewCell.swift in Sources */,
				60E6AD2421A0EE9800429419 /* GroupEvents.swift in Sources */,
				125AAD4D218D9A1800CC5FCD /* LoginViewController.swift in Sources */,
				B580F64721ABA87800F67C6D /* CreatePrivateGroupViewController.swift in Sources */,
				B5C24E9E21A905C100170192 /* InviteFriendsViewController.swift in Sources */,
				D4CB0277218F94D500503EC3 /* ChatsViewController.swift in Sources */,
				B5F54D23218E663400D0214D /* HistogramViewController.swift in Sources */,
				B5F54D21218E48D000D0214D /* UserEventsViewController.swift in Sources */,
				D4B0F1F62188D29E0060EA22 /* GroupProfileViewController.swift in Sources */,
				B5F54D29218E85F500D0214D /* SettingsTableViewCell.swift in Sources */,
				D44A89A721968CF200D760CE /* InitUserInfoViewController.swift in Sources */,
				B5727A69217FEDED00AF9005 /* GroupsViewController.swift in Sources */,
				60E6AD2A21A0F15B00429419 /* BarChartActivityTracker.swift in Sources */,
				60E6AD2821A0F13F00429419 /* BarEntry.swift in Sources */,
				B5114C3621A23474004E2CED /* ParticipantsViewController.swift in Sources */,
				D4A9CA4E219E54FB008E4A90 /* GroupInfo.swift in Sources */,
				D4CCACCF21AA2D8D00E6B829 /* PendingRequestViewController.swift in Sources */,
				B5C24EA021A9198D00170192 /* AcceptInviteViewController.swift in Sources */,
				12A6E647218D0BE2003ED258 /* UserGroup.swift in Sources */,
				80F4649121B36B2300D9B2F9 /* SettingsNotificationViewController.swift in Sources */,
				60E6AD2621A0EEC100429419 /* GroupUser.swift in Sources */,
				D4C471B02190F087003C182B /* ChatMessageCollectionViewCell.swift in Sources */,
				D41383E321902B950076031B /* GroupChatTableViewController.swift in Sources */,
				FDB5663421A0E5560050C7B6 /* SettingsEmergencyViewController.swift in Sources */,
				80CDBC54219641E600642D46 /* AddActivityEventViewController.swift in Sources */,
				D4F05D07218E4F0000F0ABF0 /* GroupMemberListTableViewController.swift in Sources */,
				B5727A65217FEDED00AF9005 /* AppDelegate.swift in Sources */,
				B5F54D27218E75D200D0214D /* SettingsViewController.swift in Sources */,
				B5727A9B217FF71600AF9005 /* FriendsViewController.swift in Sources */,
				B5727A67217FEDED00AF9005 /* HomeViewController.swift in Sources */,
				D43B7CF4218E6E8C0099C159 /* UserProfileViewController.swift in Sources */,
				D4F0EEFD218EDEC60053C1A8 /* SettingsEditiorViewController.swift in Sources */,
			);
			runOnlyForDeploymentPostprocessing = 0;
		};
/* End PBXSourcesBuildPhase section */

/* Begin PBXTargetDependency section */
		B5717AB421B448D300D3D71E /* PBXTargetDependency */ = {
			isa = PBXTargetDependency;
			target = B5727A60217FEDED00AF9005 /* SteadyFit */;
			targetProxy = B5717AB321B448D300D3D71E /* PBXContainerItemProxy */;
		};
		B5717AC221B4765B00D3D71E /* PBXTargetDependency */ = {
			isa = PBXTargetDependency;
			target = B5727A60217FEDED00AF9005 /* SteadyFit */;
			targetProxy = B5717AC121B4765B00D3D71E /* PBXContainerItemProxy */;
		};
		B5717AD021B479B900D3D71E /* PBXTargetDependency */ = {
			isa = PBXTargetDependency;
			target = B5727A60217FEDED00AF9005 /* SteadyFit */;
			targetProxy = B5717ACF21B479B900D3D71E /* PBXContainerItemProxy */;
		};
		B5717ADE21B47A1E00D3D71E /* PBXTargetDependency */ = {
			isa = PBXTargetDependency;
			target = B5727A60217FEDED00AF9005 /* SteadyFit */;
			targetProxy = B5717ADD21B47A1E00D3D71E /* PBXContainerItemProxy */;
		};
		B5717AEC21B47AF300D3D71E /* PBXTargetDependency */ = {
			isa = PBXTargetDependency;
			target = B5727A60217FEDED00AF9005 /* SteadyFit */;
			targetProxy = B5717AEB21B47AF300D3D71E /* PBXContainerItemProxy */;
		};
/* End PBXTargetDependency section */

/* Begin PBXVariantGroup section */
		B5727A6A217FEDED00AF9005 /* Main.storyboard */ = {
			isa = PBXVariantGroup;
			children = (
				B5727A6B217FEDED00AF9005 /* Base */,
			);
			name = Main.storyboard;
			sourceTree = "<group>";
		};
		B5727A6F217FEDEE00AF9005 /* LaunchScreen.storyboard */ = {
			isa = PBXVariantGroup;
			children = (
				B5727A70217FEDEE00AF9005 /* Base */,
			);
			name = LaunchScreen.storyboard;
			sourceTree = "<group>";
		};
/* End PBXVariantGroup section */

/* Begin XCBuildConfiguration section */
		B5717AB621B448D300D3D71E /* Debug */ = {
			isa = XCBuildConfiguration;
			buildSettings = {
				CODE_SIGN_STYLE = Automatic;
				INFOPLIST_FILE = HomeStoryboard/Info.plist;
				LD_RUNPATH_SEARCH_PATHS = (
					"$(inherited)",
					"@executable_path/Frameworks",
					"@loader_path/Frameworks",
				);
				PRODUCT_BUNDLE_IDENTIFIER = com.HomeStoryboard;
				PRODUCT_NAME = "$(TARGET_NAME)";
				SWIFT_VERSION = 4.2;
				TARGETED_DEVICE_FAMILY = "1,2";
				TEST_TARGET_NAME = SteadyFit;
			};
			name = Debug;
		};
		B5717AB721B448D300D3D71E /* Release */ = {
			isa = XCBuildConfiguration;
			buildSettings = {
				CODE_SIGN_STYLE = Automatic;
				INFOPLIST_FILE = HomeStoryboard/Info.plist;
				LD_RUNPATH_SEARCH_PATHS = (
					"$(inherited)",
					"@executable_path/Frameworks",
					"@loader_path/Frameworks",
				);
				PRODUCT_BUNDLE_IDENTIFIER = com.HomeStoryboard;
				PRODUCT_NAME = "$(TARGET_NAME)";
				SWIFT_VERSION = 4.2;
				TARGETED_DEVICE_FAMILY = "1,2";
				TEST_TARGET_NAME = SteadyFit;
			};
			name = Release;
		};
		B5717AC421B4765B00D3D71E /* Debug */ = {
			isa = XCBuildConfiguration;
			buildSettings = {
				CODE_SIGN_STYLE = Automatic;
				INFOPLIST_FILE = GroupStoryboardUITests/Info.plist;
				LD_RUNPATH_SEARCH_PATHS = (
					"$(inherited)",
					"@executable_path/Frameworks",
					"@loader_path/Frameworks",
				);
				PRODUCT_BUNDLE_IDENTIFIER = com.GroupStoryboardUITests;
				PRODUCT_NAME = "$(TARGET_NAME)";
				SWIFT_VERSION = 4.2;
				TARGETED_DEVICE_FAMILY = "1,2";
				TEST_TARGET_NAME = SteadyFit;
			};
			name = Debug;
		};
		B5717AC521B4765B00D3D71E /* Release */ = {
			isa = XCBuildConfiguration;
			buildSettings = {
				CODE_SIGN_STYLE = Automatic;
				INFOPLIST_FILE = GroupStoryboardUITests/Info.plist;
				LD_RUNPATH_SEARCH_PATHS = (
					"$(inherited)",
					"@executable_path/Frameworks",
					"@loader_path/Frameworks",
				);
				PRODUCT_BUNDLE_IDENTIFIER = com.GroupStoryboardUITests;
				PRODUCT_NAME = "$(TARGET_NAME)";
				SWIFT_VERSION = 4.2;
				TARGETED_DEVICE_FAMILY = "1,2";
				TEST_TARGET_NAME = SteadyFit;
			};
			name = Release;
		};
		B5717AD221B479B900D3D71E /* Debug */ = {
			isa = XCBuildConfiguration;
			buildSettings = {
				CODE_SIGN_STYLE = Automatic;
				INFOPLIST_FILE = FriendsUITests/Info.plist;
				LD_RUNPATH_SEARCH_PATHS = (
					"$(inherited)",
					"@executable_path/Frameworks",
					"@loader_path/Frameworks",
				);
				PRODUCT_BUNDLE_IDENTIFIER = com.FriendsUITests;
				PRODUCT_NAME = "$(TARGET_NAME)";
				SWIFT_VERSION = 4.2;
				TARGETED_DEVICE_FAMILY = "1,2";
				TEST_TARGET_NAME = SteadyFit;
			};
			name = Debug;
		};
		B5717AD321B479B900D3D71E /* Release */ = {
			isa = XCBuildConfiguration;
			buildSettings = {
				CODE_SIGN_STYLE = Automatic;
				INFOPLIST_FILE = FriendsUITests/Info.plist;
				LD_RUNPATH_SEARCH_PATHS = (
					"$(inherited)",
					"@executable_path/Frameworks",
					"@loader_path/Frameworks",
				);
				PRODUCT_BUNDLE_IDENTIFIER = com.FriendsUITests;
				PRODUCT_NAME = "$(TARGET_NAME)";
				SWIFT_VERSION = 4.2;
				TARGETED_DEVICE_FAMILY = "1,2";
				TEST_TARGET_NAME = SteadyFit;
			};
			name = Release;
		};
		B5717AE021B47A1E00D3D71E /* Debug */ = {
			isa = XCBuildConfiguration;
			buildSettings = {
				CODE_SIGN_STYLE = Automatic;
				INFOPLIST_FILE = ChatUITests/Info.plist;
				LD_RUNPATH_SEARCH_PATHS = (
					"$(inherited)",
					"@executable_path/Frameworks",
					"@loader_path/Frameworks",
				);
				PRODUCT_BUNDLE_IDENTIFIER = com.ChatUITests;
				PRODUCT_NAME = "$(TARGET_NAME)";
				SWIFT_VERSION = 4.2;
				TARGETED_DEVICE_FAMILY = "1,2";
				TEST_TARGET_NAME = SteadyFit;
			};
			name = Debug;
		};
		B5717AE121B47A1E00D3D71E /* Release */ = {
			isa = XCBuildConfiguration;
			buildSettings = {
				CODE_SIGN_STYLE = Automatic;
				INFOPLIST_FILE = ChatUITests/Info.plist;
				LD_RUNPATH_SEARCH_PATHS = (
					"$(inherited)",
					"@executable_path/Frameworks",
					"@loader_path/Frameworks",
				);
				PRODUCT_BUNDLE_IDENTIFIER = com.ChatUITests;
				PRODUCT_NAME = "$(TARGET_NAME)";
				SWIFT_VERSION = 4.2;
				TARGETED_DEVICE_FAMILY = "1,2";
				TEST_TARGET_NAME = SteadyFit;
			};
			name = Release;
		};
		B5717AEE21B47AF300D3D71E /* Debug */ = {
			isa = XCBuildConfiguration;
			buildSettings = {
				CODE_SIGN_STYLE = Automatic;
				INFOPLIST_FILE = SettingsUITests/Info.plist;
				LD_RUNPATH_SEARCH_PATHS = (
					"$(inherited)",
					"@executable_path/Frameworks",
					"@loader_path/Frameworks",
				);
				PRODUCT_BUNDLE_IDENTIFIER = com.SettingsUITests;
				PRODUCT_NAME = "$(TARGET_NAME)";
				SWIFT_VERSION = 4.2;
				TARGETED_DEVICE_FAMILY = "1,2";
				TEST_TARGET_NAME = SteadyFit;
			};
			name = Debug;
		};
		B5717AEF21B47AF300D3D71E /* Release */ = {
			isa = XCBuildConfiguration;
			buildSettings = {
				CODE_SIGN_STYLE = Automatic;
				INFOPLIST_FILE = SettingsUITests/Info.plist;
				LD_RUNPATH_SEARCH_PATHS = (
					"$(inherited)",
					"@executable_path/Frameworks",
					"@loader_path/Frameworks",
				);
				PRODUCT_BUNDLE_IDENTIFIER = com.SettingsUITests;
				PRODUCT_NAME = "$(TARGET_NAME)";
				SWIFT_VERSION = 4.2;
				TARGETED_DEVICE_FAMILY = "1,2";
				TEST_TARGET_NAME = SteadyFit;
			};
			name = Release;
		};
		B5727A89217FEDEE00AF9005 /* Debug */ = {
			isa = XCBuildConfiguration;
			buildSettings = {
				ALWAYS_SEARCH_USER_PATHS = NO;
				CLANG_ANALYZER_NONNULL = YES;
				CLANG_ANALYZER_NUMBER_OBJECT_CONVERSION = YES_AGGRESSIVE;
				CLANG_CXX_LANGUAGE_STANDARD = "gnu++14";
				CLANG_CXX_LIBRARY = "libc++";
				CLANG_ENABLE_MODULES = YES;
				CLANG_ENABLE_OBJC_ARC = YES;
				CLANG_ENABLE_OBJC_WEAK = YES;
				CLANG_WARN_BLOCK_CAPTURE_AUTORELEASING = YES;
				CLANG_WARN_BOOL_CONVERSION = YES;
				CLANG_WARN_COMMA = YES;
				CLANG_WARN_CONSTANT_CONVERSION = YES;
				CLANG_WARN_DEPRECATED_OBJC_IMPLEMENTATIONS = YES;
				CLANG_WARN_DIRECT_OBJC_ISA_USAGE = YES_ERROR;
				CLANG_WARN_DOCUMENTATION_COMMENTS = YES;
				CLANG_WARN_EMPTY_BODY = YES;
				CLANG_WARN_ENUM_CONVERSION = YES;
				CLANG_WARN_INFINITE_RECURSION = YES;
				CLANG_WARN_INT_CONVERSION = YES;
				CLANG_WARN_NON_LITERAL_NULL_CONVERSION = YES;
				CLANG_WARN_OBJC_IMPLICIT_RETAIN_SELF = YES;
				CLANG_WARN_OBJC_LITERAL_CONVERSION = YES;
				CLANG_WARN_OBJC_ROOT_CLASS = YES_ERROR;
				CLANG_WARN_RANGE_LOOP_ANALYSIS = YES;
				CLANG_WARN_STRICT_PROTOTYPES = YES;
				CLANG_WARN_SUSPICIOUS_MOVE = YES;
				CLANG_WARN_UNGUARDED_AVAILABILITY = YES_AGGRESSIVE;
				CLANG_WARN_UNREACHABLE_CODE = YES;
				CLANG_WARN__DUPLICATE_METHOD_MATCH = YES;
				CODE_SIGN_IDENTITY = "iPhone Developer";
				COPY_PHASE_STRIP = NO;
				DEBUG_INFORMATION_FORMAT = dwarf;
				ENABLE_STRICT_OBJC_MSGSEND = YES;
				ENABLE_TESTABILITY = YES;
				GCC_C_LANGUAGE_STANDARD = gnu11;
				GCC_DYNAMIC_NO_PIC = NO;
				GCC_NO_COMMON_BLOCKS = YES;
				GCC_OPTIMIZATION_LEVEL = 0;
				GCC_PREPROCESSOR_DEFINITIONS = (
					"DEBUG=1",
					"$(inherited)",
				);
				GCC_WARN_64_TO_32_BIT_CONVERSION = YES;
				GCC_WARN_ABOUT_RETURN_TYPE = YES_ERROR;
				GCC_WARN_UNDECLARED_SELECTOR = YES;
				GCC_WARN_UNINITIALIZED_AUTOS = YES_AGGRESSIVE;
				GCC_WARN_UNUSED_FUNCTION = YES;
				GCC_WARN_UNUSED_VARIABLE = YES;
				IPHONEOS_DEPLOYMENT_TARGET = 12.0;
				MTL_ENABLE_DEBUG_INFO = INCLUDE_SOURCE;
				MTL_FAST_MATH = YES;
				ONLY_ACTIVE_ARCH = YES;
				SDKROOT = iphoneos;
				SWIFT_ACTIVE_COMPILATION_CONDITIONS = DEBUG;
				SWIFT_OPTIMIZATION_LEVEL = "-Onone";
			};
			name = Debug;
		};
		B5727A8A217FEDEE00AF9005 /* Release */ = {
			isa = XCBuildConfiguration;
			buildSettings = {
				ALWAYS_SEARCH_USER_PATHS = NO;
				CLANG_ANALYZER_NONNULL = YES;
				CLANG_ANALYZER_NUMBER_OBJECT_CONVERSION = YES_AGGRESSIVE;
				CLANG_CXX_LANGUAGE_STANDARD = "gnu++14";
				CLANG_CXX_LIBRARY = "libc++";
				CLANG_ENABLE_MODULES = YES;
				CLANG_ENABLE_OBJC_ARC = YES;
				CLANG_ENABLE_OBJC_WEAK = YES;
				CLANG_WARN_BLOCK_CAPTURE_AUTORELEASING = YES;
				CLANG_WARN_BOOL_CONVERSION = YES;
				CLANG_WARN_COMMA = YES;
				CLANG_WARN_CONSTANT_CONVERSION = YES;
				CLANG_WARN_DEPRECATED_OBJC_IMPLEMENTATIONS = YES;
				CLANG_WARN_DIRECT_OBJC_ISA_USAGE = YES_ERROR;
				CLANG_WARN_DOCUMENTATION_COMMENTS = YES;
				CLANG_WARN_EMPTY_BODY = YES;
				CLANG_WARN_ENUM_CONVERSION = YES;
				CLANG_WARN_INFINITE_RECURSION = YES;
				CLANG_WARN_INT_CONVERSION = YES;
				CLANG_WARN_NON_LITERAL_NULL_CONVERSION = YES;
				CLANG_WARN_OBJC_IMPLICIT_RETAIN_SELF = YES;
				CLANG_WARN_OBJC_LITERAL_CONVERSION = YES;
				CLANG_WARN_OBJC_ROOT_CLASS = YES_ERROR;
				CLANG_WARN_RANGE_LOOP_ANALYSIS = YES;
				CLANG_WARN_STRICT_PROTOTYPES = YES;
				CLANG_WARN_SUSPICIOUS_MOVE = YES;
				CLANG_WARN_UNGUARDED_AVAILABILITY = YES_AGGRESSIVE;
				CLANG_WARN_UNREACHABLE_CODE = YES;
				CLANG_WARN__DUPLICATE_METHOD_MATCH = YES;
				CODE_SIGN_IDENTITY = "iPhone Developer";
				COPY_PHASE_STRIP = NO;
				DEBUG_INFORMATION_FORMAT = "dwarf-with-dsym";
				ENABLE_NS_ASSERTIONS = NO;
				ENABLE_STRICT_OBJC_MSGSEND = YES;
				GCC_C_LANGUAGE_STANDARD = gnu11;
				GCC_NO_COMMON_BLOCKS = YES;
				GCC_WARN_64_TO_32_BIT_CONVERSION = YES;
				GCC_WARN_ABOUT_RETURN_TYPE = YES_ERROR;
				GCC_WARN_UNDECLARED_SELECTOR = YES;
				GCC_WARN_UNINITIALIZED_AUTOS = YES_AGGRESSIVE;
				GCC_WARN_UNUSED_FUNCTION = YES;
				GCC_WARN_UNUSED_VARIABLE = YES;
				IPHONEOS_DEPLOYMENT_TARGET = 12.0;
				MTL_ENABLE_DEBUG_INFO = NO;
				MTL_FAST_MATH = YES;
				SDKROOT = iphoneos;
				SWIFT_COMPILATION_MODE = wholemodule;
				SWIFT_OPTIMIZATION_LEVEL = "-O";
				VALIDATE_PRODUCT = YES;
			};
			name = Release;
		};
		B5727A8C217FEDEE00AF9005 /* Debug */ = {
			isa = XCBuildConfiguration;
			baseConfigurationReference = 87E321E553C0E12A38F689D4 /* Pods-SteadyFit.debug.xcconfig */;
			buildSettings = {
				ASSETCATALOG_COMPILER_APPICON_NAME = AppIcon;
				CODE_SIGN_STYLE = Automatic;
				DEVELOPMENT_TEAM = K6R68YU4MK;
				INFOPLIST_FILE = SteadyFit/Info.plist;
				IPHONEOS_DEPLOYMENT_TARGET = 11.0;
				LD_RUNPATH_SEARCH_PATHS = (
					"$(inherited)",
					"@executable_path/Frameworks",
				);
				PRODUCT_BUNDLE_IDENTIFIER = com.SteadyFit;
				PRODUCT_NAME = "$(TARGET_NAME)";
				SWIFT_VERSION = 4.2;
				TARGETED_DEVICE_FAMILY = "1,2";
			};
			name = Debug;
		};
		B5727A8D217FEDEE00AF9005 /* Release */ = {
			isa = XCBuildConfiguration;
			baseConfigurationReference = 9DCB980D16CCE1AAF00B2201 /* Pods-SteadyFit.release.xcconfig */;
			buildSettings = {
				ASSETCATALOG_COMPILER_APPICON_NAME = AppIcon;
				CODE_SIGN_STYLE = Automatic;
				DEVELOPMENT_TEAM = K6R68YU4MK;
				INFOPLIST_FILE = SteadyFit/Info.plist;
				IPHONEOS_DEPLOYMENT_TARGET = 11.0;
				LD_RUNPATH_SEARCH_PATHS = (
					"$(inherited)",
					"@executable_path/Frameworks",
				);
				PRODUCT_BUNDLE_IDENTIFIER = com.SteadyFit;
				PRODUCT_NAME = "$(TARGET_NAME)";
				SWIFT_VERSION = 4.2;
				TARGETED_DEVICE_FAMILY = "1,2";
			};
			name = Release;
		};
/* End XCBuildConfiguration section */

/* Begin XCConfigurationList section */
		B5717AB521B448D300D3D71E /* Build configuration list for PBXNativeTarget "HomeStoryboard" */ = {
			isa = XCConfigurationList;
			buildConfigurations = (
				B5717AB621B448D300D3D71E /* Debug */,
				B5717AB721B448D300D3D71E /* Release */,
			);
			defaultConfigurationIsVisible = 0;
			defaultConfigurationName = Release;
		};
		B5717AC321B4765B00D3D71E /* Build configuration list for PBXNativeTarget "GroupStoryboardUITests" */ = {
			isa = XCConfigurationList;
			buildConfigurations = (
				B5717AC421B4765B00D3D71E /* Debug */,
				B5717AC521B4765B00D3D71E /* Release */,
			);
			defaultConfigurationIsVisible = 0;
			defaultConfigurationName = Release;
		};
		B5717AD121B479B900D3D71E /* Build configuration list for PBXNativeTarget "FriendsUITests" */ = {
			isa = XCConfigurationList;
			buildConfigurations = (
				B5717AD221B479B900D3D71E /* Debug */,
				B5717AD321B479B900D3D71E /* Release */,
			);
			defaultConfigurationIsVisible = 0;
			defaultConfigurationName = Release;
		};
		B5717ADF21B47A1E00D3D71E /* Build configuration list for PBXNativeTarget "ChatUITests" */ = {
			isa = XCConfigurationList;
			buildConfigurations = (
				B5717AE021B47A1E00D3D71E /* Debug */,
				B5717AE121B47A1E00D3D71E /* Release */,
			);
			defaultConfigurationIsVisible = 0;
			defaultConfigurationName = Release;
		};
		B5717AED21B47AF300D3D71E /* Build configuration list for PBXNativeTarget "SettingsUITests" */ = {
			isa = XCConfigurationList;
			buildConfigurations = (
				B5717AEE21B47AF300D3D71E /* Debug */,
				B5717AEF21B47AF300D3D71E /* Release */,
			);
			defaultConfigurationIsVisible = 0;
			defaultConfigurationName = Release;
		};
		B5727A5C217FEDED00AF9005 /* Build configuration list for PBXProject "SteadyFit" */ = {
			isa = XCConfigurationList;
			buildConfigurations = (
				B5727A89217FEDEE00AF9005 /* Debug */,
				B5727A8A217FEDEE00AF9005 /* Release */,
			);
			defaultConfigurationIsVisible = 0;
			defaultConfigurationName = Release;
		};
		B5727A8B217FEDEE00AF9005 /* Build configuration list for PBXNativeTarget "SteadyFit" */ = {
			isa = XCConfigurationList;
			buildConfigurations = (
				B5727A8C217FEDEE00AF9005 /* Debug */,
				B5727A8D217FEDEE00AF9005 /* Release */,
			);
			defaultConfigurationIsVisible = 0;
			defaultConfigurationName = Release;
		};
/* End XCConfigurationList section */
	};
	rootObject = B5727A59217FEDED00AF9005 /* Project object */;
}
